// !$*UTF8*$!
{
	archiveVersion = 1;
	classes = {
	};
	objectVersion = 48;
	objects = {

/* Begin PBXBuildFile section */
		890B43B0208E47F30001BAB7 /* ArtPieceDetailDismissAnimationController.swift in Sources */ = {isa = PBXBuildFile; fileRef = 890B43AF208E47F30001BAB7 /* ArtPieceDetailDismissAnimationController.swift */; };
		89134E1620E80C1300772E7F /* AppDelegate.swift in Sources */ = {isa = PBXBuildFile; fileRef = 89134E1520E80C1300772E7F /* AppDelegate.swift */; };
		89134E1820E80C1300772E7F /* TabBarController.swift in Sources */ = {isa = PBXBuildFile; fileRef = 89134E1720E80C1300772E7F /* TabBarController.swift */; };
		89134E1D20E80C1500772E7F /* Assets.xcassets in Resources */ = {isa = PBXBuildFile; fileRef = 89134E1C20E80C1500772E7F /* Assets.xcassets */; };
		8913D3432118B43A00FBC9C5 /* ArtPieceDescriptionViewController.swift in Sources */ = {isa = PBXBuildFile; fileRef = 8913D3412118B3BE00FBC9C5 /* ArtPieceDescriptionViewController.swift */; };
		8913D3452118C4FB00FBC9C5 /* DescriptionTextView.swift in Sources */ = {isa = PBXBuildFile; fileRef = 8913D3442118C4FB00FBC9C5 /* DescriptionTextView.swift */; };
		891549CC21121CFC0041FE8A /* UICollectionView+Extension.swift in Sources */ = {isa = PBXBuildFile; fileRef = 891549CB21121CFC0041FE8A /* UICollectionView+Extension.swift */; };
		891549CD21121CFC0041FE8A /* UICollectionView+Extension.swift in Sources */ = {isa = PBXBuildFile; fileRef = 891549CB21121CFC0041FE8A /* UICollectionView+Extension.swift */; };
		891549D2211267690041FE8A /* FeaturedArtPieceViewController.swift in Sources */ = {isa = PBXBuildFile; fileRef = 89278ED5211115F900CEEB3C /* FeaturedArtPieceViewController.swift */; };
		891549D3211267710041FE8A /* AllArtPiecesViewController.swift in Sources */ = {isa = PBXBuildFile; fileRef = 891549CE2112652E0041FE8A /* AllArtPiecesViewController.swift */; };
		891549D5211276820041FE8A /* NotFeaturedArtPieceViewController.swift in Sources */ = {isa = PBXBuildFile; fileRef = 891549D4211276820041FE8A /* NotFeaturedArtPieceViewController.swift */; };
		891549D7211283250041FE8A /* NotFeaturedArtPieceViewController+UICollectionViewDelegate.swift in Sources */ = {isa = PBXBuildFile; fileRef = 891549D6211283250041FE8A /* NotFeaturedArtPieceViewController+UICollectionViewDelegate.swift */; };
		891549D921128F340041FE8A /* NotFeaturedArtPieceCollectionViewCell.swift in Sources */ = {isa = PBXBuildFile; fileRef = 891549D821128F340041FE8A /* NotFeaturedArtPieceCollectionViewCell.swift */; };
		891549DB21129FB40041FE8A /* BackgroundVisualEffectView.swift in Sources */ = {isa = PBXBuildFile; fileRef = 891549DA21129FB40041FE8A /* BackgroundVisualEffectView.swift */; };
		891549E52113B1780041FE8A /* FeaturedArtPieceCollectionViewCell+FocusingViewDelegate.swift in Sources */ = {isa = PBXBuildFile; fileRef = 891549E22113B1720041FE8A /* FeaturedArtPieceCollectionViewCell+FocusingViewDelegate.swift */; };
		891549E72113B1E70041FE8A /* NotFeaturedArtPieceCollectionViewCell+FocusingViewDelegate.swift in Sources */ = {isa = PBXBuildFile; fileRef = 891549E62113B1E70041FE8A /* NotFeaturedArtPieceCollectionViewCell+FocusingViewDelegate.swift */; };
		891549EC2114ADB20041FE8A /* ArtPieceThumbails.xcassets in Resources */ = {isa = PBXBuildFile; fileRef = 891549EB2114ADB10041FE8A /* ArtPieceThumbails.xcassets */; };
		891549ED2114ADB20041FE8A /* ArtPieceThumbails.xcassets in Resources */ = {isa = PBXBuildFile; fileRef = 891549EB2114ADB10041FE8A /* ArtPieceThumbails.xcassets */; };
		891549EE2114E8F40041FE8A /* ArtPieceThumbails.xcassets in Resources */ = {isa = PBXBuildFile; fileRef = 891549EB2114ADB10041FE8A /* ArtPieceThumbails.xcassets */; };
		891549EF2114E8F50041FE8A /* ArtPieceThumbails.xcassets in Resources */ = {isa = PBXBuildFile; fileRef = 891549EB2114ADB10041FE8A /* ArtPieceThumbails.xcassets */; };
		891549F121150AF80041FE8A /* FeaturedArtPieceViewController+CollectionViewCellDelegate.swift in Sources */ = {isa = PBXBuildFile; fileRef = 891549F021150AF80041FE8A /* FeaturedArtPieceViewController+CollectionViewCellDelegate.swift */; };
		891549F321150BA30041FE8A /* CollectionViewCellDelegate.swift in Sources */ = {isa = PBXBuildFile; fileRef = 891549F221150BA30041FE8A /* CollectionViewCellDelegate.swift */; };
		891549F521150BE00041FE8A /* ArtPieceViewControllerDelegate.swift in Sources */ = {isa = PBXBuildFile; fileRef = 891549F421150BE00041FE8A /* ArtPieceViewControllerDelegate.swift */; };
		891549F721150D4C0041FE8A /* AllArtPiecesViewController+ArtPieceViewControllerDelegate.swift in Sources */ = {isa = PBXBuildFile; fileRef = 891549F621150D4C0041FE8A /* AllArtPiecesViewController+ArtPieceViewControllerDelegate.swift */; };
		891549F921150DD40041FE8A /* NotFeaturedArtPieceViewController+CollectionViewCellDelegate.swift in Sources */ = {isa = PBXBuildFile; fileRef = 891549F821150DD40041FE8A /* NotFeaturedArtPieceViewController+CollectionViewCellDelegate.swift */; };
		891549FC211513CF0041FE8A /* ArtPieceDetailViewController.swift in Sources */ = {isa = PBXBuildFile; fileRef = 891549FB211513CF0041FE8A /* ArtPieceDetailViewController.swift */; };
		891CAA6D20EC0D3C00B69074 /* CustomOperators.swift in Sources */ = {isa = PBXBuildFile; fileRef = 891CAA6C20EC0D3C00B69074 /* CustomOperators.swift */; };
		892673B9205591A8001819D1 /* ArtPieceTableViewCell.swift in Sources */ = {isa = PBXBuildFile; fileRef = 892673B8205591A8001819D1 /* ArtPieceTableViewCell.swift */; };
		89278ECC210F8AEC00CEEB3C /* DescriptionLabels.swift in Sources */ = {isa = PBXBuildFile; fileRef = 89278ECB210F8AEC00CEEB3C /* DescriptionLabels.swift */; };
		89278ED1210FB33200CEEB3C /* UILabel+Extension.swift in Sources */ = {isa = PBXBuildFile; fileRef = 89278ED0210FB33200CEEB3C /* UILabel+Extension.swift */; };
		89278ED2210FB33200CEEB3C /* UILabel+Extension.swift in Sources */ = {isa = PBXBuildFile; fileRef = 89278ED0210FB33200CEEB3C /* UILabel+Extension.swift */; };
		892F534921067D1300AC8C45 /* ArtKit_iOS.framework in Frameworks */ = {isa = PBXBuildFile; fileRef = DE293FA720490E1100444EB8 /* ArtKit_iOS.framework */; };
		892F534A21067D1300AC8C45 /* ArtKit_iOS.framework in Embed Frameworks */ = {isa = PBXBuildFile; fileRef = DE293FA720490E1100444EB8 /* ArtKit_iOS.framework */; settings = {ATTRIBUTES = (CodeSignOnCopy, RemoveHeadersOnCopy, ); }; };
		892F534E2107A5E600AC8C45 /* SKSpriteNode+Extension.swift in Sources */ = {isa = PBXBuildFile; fileRef = 892F534D2107A5E600AC8C45 /* SKSpriteNode+Extension.swift */; };
		89485BCD20F29EF500046753 /* A736DView.swift in Sources */ = {isa = PBXBuildFile; fileRef = 89485BCC20F29EF500046753 /* A736DView.swift */; };
		89485BCF20F2A08B00046753 /* A736DView.swift in Sources */ = {isa = PBXBuildFile; fileRef = 89485BCC20F29EF500046753 /* A736DView.swift */; };
		89485BD020F2A08E00046753 /* A736DActions.sks in Resources */ = {isa = PBXBuildFile; fileRef = DE165CD2205B891F00E28C37 /* A736DActions.sks */; };
		89485BD120F2A08F00046753 /* A736DActions.sks in Resources */ = {isa = PBXBuildFile; fileRef = DE165CD2205B891F00E28C37 /* A736DActions.sks */; };
		894C691320EFC224003A5387 /* A994tView.swift in Sources */ = {isa = PBXBuildFile; fileRef = 894C691220EFC224003A5387 /* A994tView.swift */; };
		894C691620EFC5A0003A5387 /* A586qView.swift in Sources */ = {isa = PBXBuildFile; fileRef = 894C691520EFC5A0003A5387 /* A586qView.swift */; };
		894C691820F13883003A5387 /* A736DScene.swift in Sources */ = {isa = PBXBuildFile; fileRef = DE332B77205B84CE00C40727 /* A736DScene.swift */; };
		894C691920F13889003A5387 /* A586qActions.sks in Resources */ = {isa = PBXBuildFile; fileRef = DEEB709D20684F4200F4ACAD /* A586qActions.sks */; };
		894C691A20F13893003A5387 /* A994tView.swift in Sources */ = {isa = PBXBuildFile; fileRef = 894C691220EFC224003A5387 /* A994tView.swift */; };
		894C691B20F13896003A5387 /* A586qView.swift in Sources */ = {isa = PBXBuildFile; fileRef = 894C691520EFC5A0003A5387 /* A586qView.swift */; };
		894C691C20F13899003A5387 /* A586qActions.sks in Resources */ = {isa = PBXBuildFile; fileRef = DEEB709D20684F4200F4ACAD /* A586qActions.sks */; };
		894C691D20F1389C003A5387 /* A736DScene.swift in Sources */ = {isa = PBXBuildFile; fileRef = DE332B77205B84CE00C40727 /* A736DScene.swift */; };
		894C691F20F13FAE003A5387 /* A586qScene.swift in Sources */ = {isa = PBXBuildFile; fileRef = 894C691E20F13FAE003A5387 /* A586qScene.swift */; };
		894C692020F13FB0003A5387 /* A586qScene.swift in Sources */ = {isa = PBXBuildFile; fileRef = 894C691E20F13FAE003A5387 /* A586qScene.swift */; };
		8958AE87210672E20067286F /* Pods_Gallery.framework in Frameworks */ = {isa = PBXBuildFile; fileRef = 9E6F4FE3F89081107CDE4D33 /* Pods_Gallery.framework */; };
		8958AE88210672E20067286F /* Pods_Gallery.framework in Embed Frameworks */ = {isa = PBXBuildFile; fileRef = 9E6F4FE3F89081107CDE4D33 /* Pods_Gallery.framework */; settings = {ATTRIBUTES = (CodeSignOnCopy, RemoveHeadersOnCopy, ); }; };
		8959050D20754B8200300B62 /* InfoBarView.swift in Sources */ = {isa = PBXBuildFile; fileRef = 8959050C20754B8200300B62 /* InfoBarView.swift */; };
		8959454A20E9609900DF123D /* GalleryCore_tvOS.framework in Frameworks */ = {isa = PBXBuildFile; fileRef = 8970BCA920E95D160006870D /* GalleryCore_tvOS.framework */; };
		8959454B20E9609900DF123D /* GalleryCore_tvOS.framework in Embed Frameworks */ = {isa = PBXBuildFile; fileRef = 8970BCA920E95D160006870D /* GalleryCore_tvOS.framework */; settings = {ATTRIBUTES = (CodeSignOnCopy, RemoveHeadersOnCopy, ); }; };
		8970BCAD20E95D160006870D /* GalleryCore_tvOS.h in Headers */ = {isa = PBXBuildFile; fileRef = 8970BCAB20E95D160006870D /* GalleryCore_tvOS.h */; settings = {ATTRIBUTES = (Public, ); }; };
		8970BCB920E95F170006870D /* IDGenerator.swift in Sources */ = {isa = PBXBuildFile; fileRef = 8929F4F1204AD54C000E5179 /* IDGenerator.swift */; };
		8970BCBA20E95F1A0006870D /* A565zView.swift in Sources */ = {isa = PBXBuildFile; fileRef = DEA066D820C47FD700489BF8 /* A565zView.swift */; };
		8970BCBB20E95F1D0006870D /* ArtMetadata.swift in Sources */ = {isa = PBXBuildFile; fileRef = DE39D70420B321960087788C /* ArtMetadata.swift */; };
		8970BCBC20E95F200006870D /* ArtView.swift in Sources */ = {isa = PBXBuildFile; fileRef = DE72BB9F20B8645400576999 /* ArtView.swift */; };
		8970BCBD20E95F220006870D /* MasterList.swift in Sources */ = {isa = PBXBuildFile; fileRef = DE2AEFB1204B1AB700C65CA4 /* MasterList.swift */; };
		89BB28232097097B004B33F0 /* ArtPieceDetailPresentationController.swift in Sources */ = {isa = PBXBuildFile; fileRef = 89BB28222097097B004B33F0 /* ArtPieceDetailPresentationController.swift */; };
		89BB282C20978242004B33F0 /* ArtPieceDetailPresentAnimationController.swift in Sources */ = {isa = PBXBuildFile; fileRef = 89BB282B20978242004B33F0 /* ArtPieceDetailPresentAnimationController.swift */; };
		89C3866620F491F6004BF43F /* A857CView.swift in Sources */ = {isa = PBXBuildFile; fileRef = 89C3866520F491F6004BF43F /* A857CView.swift */; };
		89C3866A20F49839004BF43F /* CustomOperators.swift in Sources */ = {isa = PBXBuildFile; fileRef = 891CAA6C20EC0D3C00B69074 /* CustomOperators.swift */; };
		89C3866B20F49840004BF43F /* A857CView.swift in Sources */ = {isa = PBXBuildFile; fileRef = 89C3866520F491F6004BF43F /* A857CView.swift */; };
		89C3866C20F49845004BF43F /* A857CFragmentShader.fsh in Resources */ = {isa = PBXBuildFile; fileRef = 89E96473205E87F1009B5420 /* A857CFragmentShader.fsh */; };
		89C3866D20F49845004BF43F /* A857CFragmentShader.fsh in Resources */ = {isa = PBXBuildFile; fileRef = 89E96473205E87F1009B5420 /* A857CFragmentShader.fsh */; };
		89CBB571205C3DA10022FBE2 /* CustomOperators.swift in Sources */ = {isa = PBXBuildFile; fileRef = 89CBB570205C3DA10022FBE2 /* CustomOperators.swift */; };
		89DEC6932108DB19009858CC /* A857CFragmentShader.fsh in Resources */ = {isa = PBXBuildFile; fileRef = 89E96473205E87F1009B5420 /* A857CFragmentShader.fsh */; };
		89DEC69621091C2B009858CC /* FeaturedArtPieceViewController+UICollectionViewDelegate.swift in Sources */ = {isa = PBXBuildFile; fileRef = 89DEC69421091C25009858CC /* FeaturedArtPieceViewController+UICollectionViewDelegate.swift */; };
		89DEC6B6210933DB009858CC /* FeaturedArtPieceCollectionViewCell.swift in Sources */ = {isa = PBXBuildFile; fileRef = 89DEC6B5210933DB009858CC /* FeaturedArtPieceCollectionViewCell.swift */; };
		89DEC6B7210A7B30009858CC /* SKSpriteNode+Extension.swift in Sources */ = {isa = PBXBuildFile; fileRef = 892F534D2107A5E600AC8C45 /* SKSpriteNode+Extension.swift */; };
		89DEC6BF210BA20B009858CC /* FocusingLabel.swift in Sources */ = {isa = PBXBuildFile; fileRef = 89DEC6BB210BA1AB009858CC /* FocusingLabel.swift */; };
		89DEC6C0210BA210009858CC /* FocusingView.swift in Sources */ = {isa = PBXBuildFile; fileRef = 89DEC6B8210B9C10009858CC /* FocusingView.swift */; };
		89DFA0DD20B74A0B00689663 /* GoogleService-Info.plist in Resources */ = {isa = PBXBuildFile; fileRef = 89DFA0DC20B74A0B00689663 /* GoogleService-Info.plist */; };
		DE0B7FA720E3E337000B482F /* GalleryCore_iOS.h in Headers */ = {isa = PBXBuildFile; fileRef = DE0B7FA520E3E337000B482F /* GalleryCore_iOS.h */; settings = {ATTRIBUTES = (Public, ); }; };
		DE0B7FAA20E3E337000B482F /* GalleryCore_iOS.framework in Frameworks */ = {isa = PBXBuildFile; fileRef = DE0B7FA320E3E337000B482F /* GalleryCore_iOS.framework */; };
		DE0B7FAB20E3E337000B482F /* GalleryCore_iOS.framework in Embed Frameworks */ = {isa = PBXBuildFile; fileRef = DE0B7FA320E3E337000B482F /* GalleryCore_iOS.framework */; settings = {ATTRIBUTES = (CodeSignOnCopy, RemoveHeadersOnCopy, ); }; };
		DE0B7FAF20E3E34C000B482F /* MasterList.swift in Sources */ = {isa = PBXBuildFile; fileRef = DE2AEFB1204B1AB700C65CA4 /* MasterList.swift */; };
		DE0B7FB020E3E34F000B482F /* ArtView.swift in Sources */ = {isa = PBXBuildFile; fileRef = DE72BB9F20B8645400576999 /* ArtView.swift */; };
		DE0B7FB120E3E352000B482F /* ArtMetadata.swift in Sources */ = {isa = PBXBuildFile; fileRef = DE39D70420B321960087788C /* ArtMetadata.swift */; };
		DE0B7FB220E3E357000B482F /* A565zView.swift in Sources */ = {isa = PBXBuildFile; fileRef = DEA066D820C47FD700489BF8 /* A565zView.swift */; };
		DE0B7FB320E3E35B000B482F /* IDGenerator.swift in Sources */ = {isa = PBXBuildFile; fileRef = 8929F4F1204AD54C000E5179 /* IDGenerator.swift */; };
		DE26220620E967EA002F57C7 /* ArtKit_iOS.framework in Frameworks */ = {isa = PBXBuildFile; fileRef = DE293FA720490E1100444EB8 /* ArtKit_iOS.framework */; };
		DE26220720E9681C002F57C7 /* ArtKit_tvOS.framework in Frameworks */ = {isa = PBXBuildFile; fileRef = DEDB687320E946D900D102EB /* ArtKit_tvOS.framework */; };
		DE293F8F2048F30300444EB8 /* AppDelegate.swift in Sources */ = {isa = PBXBuildFile; fileRef = DE293F8E2048F30300444EB8 /* AppDelegate.swift */; };
		DE293F912048F30300444EB8 /* MainViewController.swift in Sources */ = {isa = PBXBuildFile; fileRef = DE293F902048F30300444EB8 /* MainViewController.swift */; };
		DE293F962048F30300444EB8 /* Assets.xcassets in Resources */ = {isa = PBXBuildFile; fileRef = DE293F952048F30300444EB8 /* Assets.xcassets */; };
		DE293F992048F30300444EB8 /* LaunchScreen.storyboard in Resources */ = {isa = PBXBuildFile; fileRef = DE293F972048F30300444EB8 /* LaunchScreen.storyboard */; };
		DE293FAB20490E1100444EB8 /* ArtKit_iOS.h in Headers */ = {isa = PBXBuildFile; fileRef = DE293FA920490E1100444EB8 /* ArtKit_iOS.h */; settings = {ATTRIBUTES = (Public, ); }; };
		DE293FB420490E2000444EB8 /* NSObject+Extensions.swift in Sources */ = {isa = PBXBuildFile; fileRef = DE293FA020490D7700444EB8 /* NSObject+Extensions.swift */; };
		DE2AEFB0204B0F6900C65CA4 /* ArtPieceDetailViewController.swift in Sources */ = {isa = PBXBuildFile; fileRef = DE2AEFAF204B0F6900C65CA4 /* ArtPieceDetailViewController.swift */; };
		DE332B74205B7E8500C40727 /* UITapGestureRecognizerWithClosure.swift in Sources */ = {isa = PBXBuildFile; fileRef = DE332B73205B7E8500C40727 /* UITapGestureRecognizerWithClosure.swift */; };
		DE332B76205B7F3E00C40727 /* UIView+Extensions.swift in Sources */ = {isa = PBXBuildFile; fileRef = DE332B75205B7F3E00C40727 /* UIView+Extensions.swift */; };
		DE332B7A205B852600C40727 /* SKNode+Extensions.swift in Sources */ = {isa = PBXBuildFile; fileRef = DE332B79205B852600C40727 /* SKNode+Extensions.swift */; };
		DE332B7E205B856800C40727 /* GlobalFunctions.swift in Sources */ = {isa = PBXBuildFile; fileRef = DE332B7D205B856800C40727 /* GlobalFunctions.swift */; };
		DE332B80205B857900C40727 /* ArrayExtensions.swift in Sources */ = {isa = PBXBuildFile; fileRef = DE332B7F205B857900C40727 /* ArrayExtensions.swift */; };
		DE3BD6432055F2BA00FD3298 /* UIColor+Extensions.swift in Sources */ = {isa = PBXBuildFile; fileRef = DE3BD6422055F2BA00FD3298 /* UIColor+Extensions.swift */; };
		DE3BD6592055FBD000FD3298 /* SFMono-Light.otf in Resources */ = {isa = PBXBuildFile; fileRef = DE3BD64D2055FBD000FD3298 /* SFMono-Light.otf */; };
		DEDB687720E946D900D102EB /* ArtKit_tvOS.h in Headers */ = {isa = PBXBuildFile; fileRef = DEDB687520E946D900D102EB /* ArtKit_tvOS.h */; settings = {ATTRIBUTES = (Public, ); }; };
		DEDB687F20E946EE00D102EB /* CustomOperators.swift in Sources */ = {isa = PBXBuildFile; fileRef = 89CBB570205C3DA10022FBE2 /* CustomOperators.swift */; };
		DEDB688020E946EE00D102EB /* ArrayExtensions.swift in Sources */ = {isa = PBXBuildFile; fileRef = DE332B7F205B857900C40727 /* ArrayExtensions.swift */; };
		DEDB688120E946EE00D102EB /* GlobalFunctions.swift in Sources */ = {isa = PBXBuildFile; fileRef = DE332B7D205B856800C40727 /* GlobalFunctions.swift */; };
		DEDB688220E946EE00D102EB /* SKNode+Extensions.swift in Sources */ = {isa = PBXBuildFile; fileRef = DE332B79205B852600C40727 /* SKNode+Extensions.swift */; };
		DEDB688320E946EE00D102EB /* UIView+Extensions.swift in Sources */ = {isa = PBXBuildFile; fileRef = DE332B75205B7F3E00C40727 /* UIView+Extensions.swift */; };
		DEDB688420E946EE00D102EB /* UITapGestureRecognizerWithClosure.swift in Sources */ = {isa = PBXBuildFile; fileRef = DE332B73205B7E8500C40727 /* UITapGestureRecognizerWithClosure.swift */; };
		DEDB688520E946EE00D102EB /* NSObject+Extensions.swift in Sources */ = {isa = PBXBuildFile; fileRef = DE293FA020490D7700444EB8 /* NSObject+Extensions.swift */; };
		DEDB688620E946EE00D102EB /* UIColor+Extensions.swift in Sources */ = {isa = PBXBuildFile; fileRef = DE3BD6422055F2BA00FD3298 /* UIColor+Extensions.swift */; };
		FB6DD2CF7BBC7F406CE08C94 /* Pods_ArtKit.framework in Frameworks */ = {isa = PBXBuildFile; fileRef = B3691700D8ECDC253DFFC376 /* Pods_ArtKit.framework */; };
/* End PBXBuildFile section */

/* Begin PBXContainerItemProxy section */
		892F534B21067D1300AC8C45 /* PBXContainerItemProxy */ = {
			isa = PBXContainerItemProxy;
			containerPortal = DE293F832048F30300444EB8 /* Project object */;
			proxyType = 1;
			remoteGlobalIDString = DE293FA620490E1100444EB8;
			remoteInfo = "ArtKit iOS";
		};
		8959454C20E9609900DF123D /* PBXContainerItemProxy */ = {
			isa = PBXContainerItemProxy;
			containerPortal = DE293F832048F30300444EB8 /* Project object */;
			proxyType = 1;
			remoteGlobalIDString = 8970BCA820E95D160006870D;
			remoteInfo = "GalleryCore tvOS";
		};
		DE0B7FA820E3E337000B482F /* PBXContainerItemProxy */ = {
			isa = PBXContainerItemProxy;
			containerPortal = DE293F832048F30300444EB8 /* Project object */;
			proxyType = 1;
			remoteGlobalIDString = DE0B7FA220E3E337000B482F;
			remoteInfo = GalleryCore;
		};
/* End PBXContainerItemProxy section */

/* Begin PBXCopyFilesBuildPhase section */
		8959454920E9609600DF123D /* Embed Frameworks */ = {
			isa = PBXCopyFilesBuildPhase;
			buildActionMask = 2147483647;
			dstPath = "";
			dstSubfolderSpec = 10;
			files = (
				8959454B20E9609900DF123D /* GalleryCore_tvOS.framework in Embed Frameworks */,
			);
			name = "Embed Frameworks";
			runOnlyForDeploymentPostprocessing = 0;
		};
		DE293FB320490E1100444EB8 /* Embed Frameworks */ = {
			isa = PBXCopyFilesBuildPhase;
			buildActionMask = 2147483647;
			dstPath = "";
			dstSubfolderSpec = 10;
			files = (
				DE0B7FAB20E3E337000B482F /* GalleryCore_iOS.framework in Embed Frameworks */,
				892F534A21067D1300AC8C45 /* ArtKit_iOS.framework in Embed Frameworks */,
				8958AE88210672E20067286F /* Pods_Gallery.framework in Embed Frameworks */,
			);
			name = "Embed Frameworks";
			runOnlyForDeploymentPostprocessing = 0;
		};
/* End PBXCopyFilesBuildPhase section */

/* Begin PBXFileReference section */
		4C451B63F493F4CB4D48046A /* Pods-ArtKit.debug.xcconfig */ = {isa = PBXFileReference; includeInIndex = 1; lastKnownFileType = text.xcconfig; name = "Pods-ArtKit.debug.xcconfig"; path = "Pods/Target Support Files/Pods-ArtKit/Pods-ArtKit.debug.xcconfig"; sourceTree = "<group>"; };
		4F5BF21D204A31502C67DF16 /* Pods-ArtKit.release.xcconfig */ = {isa = PBXFileReference; includeInIndex = 1; lastKnownFileType = text.xcconfig; name = "Pods-ArtKit.release.xcconfig"; path = "Pods/Target Support Files/Pods-ArtKit/Pods-ArtKit.release.xcconfig"; sourceTree = "<group>"; };
		890B43AF208E47F30001BAB7 /* ArtPieceDetailDismissAnimationController.swift */ = {isa = PBXFileReference; lastKnownFileType = sourcecode.swift; path = ArtPieceDetailDismissAnimationController.swift; sourceTree = "<group>"; };
		89134E1320E80C1300772E7F /* Gallery TV.app */ = {isa = PBXFileReference; explicitFileType = wrapper.application; includeInIndex = 0; path = "Gallery TV.app"; sourceTree = BUILT_PRODUCTS_DIR; };
		89134E1520E80C1300772E7F /* AppDelegate.swift */ = {isa = PBXFileReference; lastKnownFileType = sourcecode.swift; path = AppDelegate.swift; sourceTree = "<group>"; };
		89134E1720E80C1300772E7F /* TabBarController.swift */ = {isa = PBXFileReference; lastKnownFileType = sourcecode.swift; path = TabBarController.swift; sourceTree = "<group>"; };
		89134E1C20E80C1500772E7F /* Assets.xcassets */ = {isa = PBXFileReference; lastKnownFileType = folder.assetcatalog; path = Assets.xcassets; sourceTree = "<group>"; };
		89134E1E20E80C1500772E7F /* Info.plist */ = {isa = PBXFileReference; lastKnownFileType = text.plist.xml; path = Info.plist; sourceTree = "<group>"; };
		8913D3412118B3BE00FBC9C5 /* ArtPieceDescriptionViewController.swift */ = {isa = PBXFileReference; lastKnownFileType = sourcecode.swift; path = ArtPieceDescriptionViewController.swift; sourceTree = "<group>"; };
		8913D3442118C4FB00FBC9C5 /* DescriptionTextView.swift */ = {isa = PBXFileReference; lastKnownFileType = sourcecode.swift; path = DescriptionTextView.swift; sourceTree = "<group>"; };
		891549CB21121CFC0041FE8A /* UICollectionView+Extension.swift */ = {isa = PBXFileReference; lastKnownFileType = sourcecode.swift; path = "UICollectionView+Extension.swift"; sourceTree = "<group>"; };
		891549CE2112652E0041FE8A /* AllArtPiecesViewController.swift */ = {isa = PBXFileReference; lastKnownFileType = sourcecode.swift; path = AllArtPiecesViewController.swift; sourceTree = "<group>"; };
		891549D4211276820041FE8A /* NotFeaturedArtPieceViewController.swift */ = {isa = PBXFileReference; lastKnownFileType = sourcecode.swift; path = NotFeaturedArtPieceViewController.swift; sourceTree = "<group>"; };
		891549D6211283250041FE8A /* NotFeaturedArtPieceViewController+UICollectionViewDelegate.swift */ = {isa = PBXFileReference; lastKnownFileType = sourcecode.swift; path = "NotFeaturedArtPieceViewController+UICollectionViewDelegate.swift"; sourceTree = "<group>"; };
		891549D821128F340041FE8A /* NotFeaturedArtPieceCollectionViewCell.swift */ = {isa = PBXFileReference; lastKnownFileType = sourcecode.swift; path = NotFeaturedArtPieceCollectionViewCell.swift; sourceTree = "<group>"; };
		891549DA21129FB40041FE8A /* BackgroundVisualEffectView.swift */ = {isa = PBXFileReference; lastKnownFileType = sourcecode.swift; path = BackgroundVisualEffectView.swift; sourceTree = "<group>"; };
		891549E22113B1720041FE8A /* FeaturedArtPieceCollectionViewCell+FocusingViewDelegate.swift */ = {isa = PBXFileReference; lastKnownFileType = sourcecode.swift; path = "FeaturedArtPieceCollectionViewCell+FocusingViewDelegate.swift"; sourceTree = "<group>"; };
		891549E62113B1E70041FE8A /* NotFeaturedArtPieceCollectionViewCell+FocusingViewDelegate.swift */ = {isa = PBXFileReference; lastKnownFileType = sourcecode.swift; path = "NotFeaturedArtPieceCollectionViewCell+FocusingViewDelegate.swift"; sourceTree = "<group>"; };
		891549EB2114ADB10041FE8A /* ArtPieceThumbails.xcassets */ = {isa = PBXFileReference; lastKnownFileType = folder.assetcatalog; path = ArtPieceThumbails.xcassets; sourceTree = "<group>"; };
		891549F021150AF80041FE8A /* FeaturedArtPieceViewController+CollectionViewCellDelegate.swift */ = {isa = PBXFileReference; lastKnownFileType = sourcecode.swift; path = "FeaturedArtPieceViewController+CollectionViewCellDelegate.swift"; sourceTree = "<group>"; };
		891549F221150BA30041FE8A /* CollectionViewCellDelegate.swift */ = {isa = PBXFileReference; lastKnownFileType = sourcecode.swift; path = CollectionViewCellDelegate.swift; sourceTree = "<group>"; };
		891549F421150BE00041FE8A /* ArtPieceViewControllerDelegate.swift */ = {isa = PBXFileReference; lastKnownFileType = sourcecode.swift; path = ArtPieceViewControllerDelegate.swift; sourceTree = "<group>"; };
		891549F621150D4C0041FE8A /* AllArtPiecesViewController+ArtPieceViewControllerDelegate.swift */ = {isa = PBXFileReference; lastKnownFileType = sourcecode.swift; path = "AllArtPiecesViewController+ArtPieceViewControllerDelegate.swift"; sourceTree = "<group>"; };
		891549F821150DD40041FE8A /* NotFeaturedArtPieceViewController+CollectionViewCellDelegate.swift */ = {isa = PBXFileReference; lastKnownFileType = sourcecode.swift; path = "NotFeaturedArtPieceViewController+CollectionViewCellDelegate.swift"; sourceTree = "<group>"; };
		891549FB211513CF0041FE8A /* ArtPieceDetailViewController.swift */ = {isa = PBXFileReference; lastKnownFileType = sourcecode.swift; path = ArtPieceDetailViewController.swift; sourceTree = "<group>"; };
		891CAA6C20EC0D3C00B69074 /* CustomOperators.swift */ = {isa = PBXFileReference; lastKnownFileType = sourcecode.swift; path = CustomOperators.swift; sourceTree = "<group>"; };
		892673B8205591A8001819D1 /* ArtPieceTableViewCell.swift */ = {isa = PBXFileReference; lastKnownFileType = sourcecode.swift; path = ArtPieceTableViewCell.swift; sourceTree = "<group>"; };
		89278ECB210F8AEC00CEEB3C /* DescriptionLabels.swift */ = {isa = PBXFileReference; lastKnownFileType = sourcecode.swift; path = DescriptionLabels.swift; sourceTree = "<group>"; };
		89278ED0210FB33200CEEB3C /* UILabel+Extension.swift */ = {isa = PBXFileReference; lastKnownFileType = sourcecode.swift; path = "UILabel+Extension.swift"; sourceTree = "<group>"; };
		89278ED5211115F900CEEB3C /* FeaturedArtPieceViewController.swift */ = {isa = PBXFileReference; lastKnownFileType = sourcecode.swift; path = FeaturedArtPieceViewController.swift; sourceTree = "<group>"; };
		8929F4F1204AD54C000E5179 /* IDGenerator.swift */ = {isa = PBXFileReference; lastKnownFileType = sourcecode.swift; path = IDGenerator.swift; sourceTree = "<group>"; };
		892F534D2107A5E600AC8C45 /* SKSpriteNode+Extension.swift */ = {isa = PBXFileReference; lastKnownFileType = sourcecode.swift; path = "SKSpriteNode+Extension.swift"; sourceTree = "<group>"; };
		89485BCC20F29EF500046753 /* A736DView.swift */ = {isa = PBXFileReference; lastKnownFileType = sourcecode.swift; path = A736DView.swift; sourceTree = "<group>"; };
		894C691220EFC224003A5387 /* A994tView.swift */ = {isa = PBXFileReference; lastKnownFileType = sourcecode.swift; path = A994tView.swift; sourceTree = "<group>"; };
		894C691520EFC5A0003A5387 /* A586qView.swift */ = {isa = PBXFileReference; lastKnownFileType = sourcecode.swift; path = A586qView.swift; sourceTree = "<group>"; };
		894C691E20F13FAE003A5387 /* A586qScene.swift */ = {isa = PBXFileReference; lastKnownFileType = sourcecode.swift; path = A586qScene.swift; sourceTree = "<group>"; };
		8959050C20754B8200300B62 /* InfoBarView.swift */ = {isa = PBXFileReference; lastKnownFileType = sourcecode.swift; path = InfoBarView.swift; sourceTree = "<group>"; };
		8970BCA920E95D160006870D /* GalleryCore_tvOS.framework */ = {isa = PBXFileReference; explicitFileType = wrapper.framework; includeInIndex = 0; path = GalleryCore_tvOS.framework; sourceTree = BUILT_PRODUCTS_DIR; };
		8970BCAB20E95D160006870D /* GalleryCore_tvOS.h */ = {isa = PBXFileReference; lastKnownFileType = sourcecode.c.h; path = GalleryCore_tvOS.h; sourceTree = "<group>"; };
		8970BCAC20E95D160006870D /* Info.plist */ = {isa = PBXFileReference; lastKnownFileType = text.plist.xml; path = Info.plist; sourceTree = "<group>"; };
		89BB28222097097B004B33F0 /* ArtPieceDetailPresentationController.swift */ = {isa = PBXFileReference; lastKnownFileType = sourcecode.swift; path = ArtPieceDetailPresentationController.swift; sourceTree = "<group>"; };
		89BB282B20978242004B33F0 /* ArtPieceDetailPresentAnimationController.swift */ = {isa = PBXFileReference; lastKnownFileType = sourcecode.swift; path = ArtPieceDetailPresentAnimationController.swift; sourceTree = "<group>"; };
		89C3866520F491F6004BF43F /* A857CView.swift */ = {isa = PBXFileReference; lastKnownFileType = sourcecode.swift; path = A857CView.swift; sourceTree = "<group>"; };
		89CBB570205C3DA10022FBE2 /* CustomOperators.swift */ = {isa = PBXFileReference; fileEncoding = 4; lastKnownFileType = sourcecode.swift; path = CustomOperators.swift; sourceTree = "<group>"; };
		89DEC69421091C25009858CC /* FeaturedArtPieceViewController+UICollectionViewDelegate.swift */ = {isa = PBXFileReference; lastKnownFileType = sourcecode.swift; path = "FeaturedArtPieceViewController+UICollectionViewDelegate.swift"; sourceTree = "<group>"; };
		89DEC6B5210933DB009858CC /* FeaturedArtPieceCollectionViewCell.swift */ = {isa = PBXFileReference; lastKnownFileType = sourcecode.swift; path = FeaturedArtPieceCollectionViewCell.swift; sourceTree = "<group>"; };
		89DEC6B8210B9C10009858CC /* FocusingView.swift */ = {isa = PBXFileReference; lastKnownFileType = sourcecode.swift; path = FocusingView.swift; sourceTree = "<group>"; };
		89DEC6BB210BA1AB009858CC /* FocusingLabel.swift */ = {isa = PBXFileReference; lastKnownFileType = sourcecode.swift; path = FocusingLabel.swift; sourceTree = "<group>"; };
		89DFA0DC20B74A0B00689663 /* GoogleService-Info.plist */ = {isa = PBXFileReference; fileEncoding = 4; lastKnownFileType = text.plist.xml; path = "GoogleService-Info.plist"; sourceTree = "<group>"; };
		89E96473205E87F1009B5420 /* A857CFragmentShader.fsh */ = {isa = PBXFileReference; lastKnownFileType = sourcecode.glsl; path = A857CFragmentShader.fsh; sourceTree = "<group>"; };
		9E6F4FE3F89081107CDE4D33 /* Pods_Gallery.framework */ = {isa = PBXFileReference; explicitFileType = wrapper.framework; includeInIndex = 0; path = Pods_Gallery.framework; sourceTree = BUILT_PRODUCTS_DIR; };
		B3691700D8ECDC253DFFC376 /* Pods_ArtKit.framework */ = {isa = PBXFileReference; explicitFileType = wrapper.framework; includeInIndex = 0; path = Pods_ArtKit.framework; sourceTree = BUILT_PRODUCTS_DIR; };
		C85DD3F3A1656418B116D049 /* Pods-Gallery.release.xcconfig */ = {isa = PBXFileReference; includeInIndex = 1; lastKnownFileType = text.xcconfig; name = "Pods-Gallery.release.xcconfig"; path = "Pods/Target Support Files/Pods-Gallery/Pods-Gallery.release.xcconfig"; sourceTree = "<group>"; };
		C8F56E034DED53BF3FE96DF6 /* Pods-Gallery.debug.xcconfig */ = {isa = PBXFileReference; includeInIndex = 1; lastKnownFileType = text.xcconfig; name = "Pods-Gallery.debug.xcconfig"; path = "Pods/Target Support Files/Pods-Gallery/Pods-Gallery.debug.xcconfig"; sourceTree = "<group>"; };
		DE0B7FA320E3E337000B482F /* GalleryCore_iOS.framework */ = {isa = PBXFileReference; explicitFileType = wrapper.framework; includeInIndex = 0; path = GalleryCore_iOS.framework; sourceTree = BUILT_PRODUCTS_DIR; };
		DE0B7FA520E3E337000B482F /* GalleryCore_iOS.h */ = {isa = PBXFileReference; lastKnownFileType = sourcecode.c.h; path = GalleryCore_iOS.h; sourceTree = "<group>"; };
		DE0B7FA620E3E337000B482F /* Info.plist */ = {isa = PBXFileReference; lastKnownFileType = text.plist.xml; path = Info.plist; sourceTree = "<group>"; };
		DE165CD2205B891F00E28C37 /* A736DActions.sks */ = {isa = PBXFileReference; lastKnownFileType = file.sks; path = A736DActions.sks; sourceTree = "<group>"; };
		DE293F8B2048F30300444EB8 /* Gallery iOS.app */ = {isa = PBXFileReference; explicitFileType = wrapper.application; includeInIndex = 0; path = "Gallery iOS.app"; sourceTree = BUILT_PRODUCTS_DIR; };
		DE293F8E2048F30300444EB8 /* AppDelegate.swift */ = {isa = PBXFileReference; lastKnownFileType = sourcecode.swift; path = AppDelegate.swift; sourceTree = "<group>"; };
		DE293F902048F30300444EB8 /* MainViewController.swift */ = {isa = PBXFileReference; lastKnownFileType = sourcecode.swift; path = MainViewController.swift; sourceTree = "<group>"; };
		DE293F952048F30300444EB8 /* Assets.xcassets */ = {isa = PBXFileReference; lastKnownFileType = folder.assetcatalog; path = Assets.xcassets; sourceTree = "<group>"; };
		DE293F982048F30300444EB8 /* Base */ = {isa = PBXFileReference; lastKnownFileType = file.storyboard; name = Base; path = Base.lproj/LaunchScreen.storyboard; sourceTree = "<group>"; };
		DE293F9A2048F30300444EB8 /* Info.plist */ = {isa = PBXFileReference; lastKnownFileType = text.plist.xml; path = Info.plist; sourceTree = "<group>"; };
		DE293FA020490D7700444EB8 /* NSObject+Extensions.swift */ = {isa = PBXFileReference; lastKnownFileType = sourcecode.swift; path = "NSObject+Extensions.swift"; sourceTree = "<group>"; };
		DE293FA720490E1100444EB8 /* ArtKit_iOS.framework */ = {isa = PBXFileReference; explicitFileType = wrapper.framework; includeInIndex = 0; path = ArtKit_iOS.framework; sourceTree = BUILT_PRODUCTS_DIR; };
		DE293FA920490E1100444EB8 /* ArtKit_iOS.h */ = {isa = PBXFileReference; lastKnownFileType = sourcecode.c.h; path = ArtKit_iOS.h; sourceTree = "<group>"; };
		DE293FAA20490E1100444EB8 /* Info.plist */ = {isa = PBXFileReference; lastKnownFileType = text.plist.xml; path = Info.plist; sourceTree = "<group>"; };
		DE2AEFAF204B0F6900C65CA4 /* ArtPieceDetailViewController.swift */ = {isa = PBXFileReference; lastKnownFileType = sourcecode.swift; path = ArtPieceDetailViewController.swift; sourceTree = "<group>"; };
		DE2AEFB1204B1AB700C65CA4 /* MasterList.swift */ = {isa = PBXFileReference; lastKnownFileType = sourcecode.swift; path = MasterList.swift; sourceTree = "<group>"; };
		DE332B73205B7E8500C40727 /* UITapGestureRecognizerWithClosure.swift */ = {isa = PBXFileReference; lastKnownFileType = sourcecode.swift; path = UITapGestureRecognizerWithClosure.swift; sourceTree = "<group>"; };
		DE332B75205B7F3E00C40727 /* UIView+Extensions.swift */ = {isa = PBXFileReference; lastKnownFileType = sourcecode.swift; path = "UIView+Extensions.swift"; sourceTree = "<group>"; };
		DE332B77205B84CE00C40727 /* A736DScene.swift */ = {isa = PBXFileReference; fileEncoding = 4; lastKnownFileType = sourcecode.swift; path = A736DScene.swift; sourceTree = "<group>"; };
		DE332B79205B852600C40727 /* SKNode+Extensions.swift */ = {isa = PBXFileReference; fileEncoding = 4; lastKnownFileType = sourcecode.swift; path = "SKNode+Extensions.swift"; sourceTree = "<group>"; };
		DE332B7D205B856800C40727 /* GlobalFunctions.swift */ = {isa = PBXFileReference; fileEncoding = 4; lastKnownFileType = sourcecode.swift; path = GlobalFunctions.swift; sourceTree = "<group>"; };
		DE332B7F205B857900C40727 /* ArrayExtensions.swift */ = {isa = PBXFileReference; fileEncoding = 4; lastKnownFileType = sourcecode.swift; path = ArrayExtensions.swift; sourceTree = "<group>"; };
		DE39D70420B321960087788C /* ArtMetadata.swift */ = {isa = PBXFileReference; lastKnownFileType = sourcecode.swift; path = ArtMetadata.swift; sourceTree = "<group>"; };
		DE3BD6422055F2BA00FD3298 /* UIColor+Extensions.swift */ = {isa = PBXFileReference; lastKnownFileType = sourcecode.swift; path = "UIColor+Extensions.swift"; sourceTree = "<group>"; };
		DE3BD64D2055FBD000FD3298 /* SFMono-Light.otf */ = {isa = PBXFileReference; lastKnownFileType = file; path = "SFMono-Light.otf"; sourceTree = "<group>"; };
		DE72BB9F20B8645400576999 /* ArtView.swift */ = {isa = PBXFileReference; lastKnownFileType = sourcecode.swift; path = ArtView.swift; sourceTree = "<group>"; };
		DEA066D820C47FD700489BF8 /* A565zView.swift */ = {isa = PBXFileReference; lastKnownFileType = sourcecode.swift; path = A565zView.swift; sourceTree = "<group>"; };
		DEDB687320E946D900D102EB /* ArtKit_tvOS.framework */ = {isa = PBXFileReference; explicitFileType = wrapper.framework; includeInIndex = 0; path = ArtKit_tvOS.framework; sourceTree = BUILT_PRODUCTS_DIR; };
		DEDB687520E946D900D102EB /* ArtKit_tvOS.h */ = {isa = PBXFileReference; lastKnownFileType = sourcecode.c.h; path = ArtKit_tvOS.h; sourceTree = "<group>"; };
		DEDB687620E946D900D102EB /* Info.plist */ = {isa = PBXFileReference; lastKnownFileType = text.plist.xml; path = Info.plist; sourceTree = "<group>"; };
		DEEB709D20684F4200F4ACAD /* A586qActions.sks */ = {isa = PBXFileReference; lastKnownFileType = file.sks; path = A586qActions.sks; sourceTree = "<group>"; };
/* End PBXFileReference section */

/* Begin PBXFrameworksBuildPhase section */
		89134E1020E80C1300772E7F /* Frameworks */ = {
			isa = PBXFrameworksBuildPhase;
			buildActionMask = 2147483647;
			files = (
				8959454A20E9609900DF123D /* GalleryCore_tvOS.framework in Frameworks */,
			);
			runOnlyForDeploymentPostprocessing = 0;
		};
		8970BCA520E95D160006870D /* Frameworks */ = {
			isa = PBXFrameworksBuildPhase;
			buildActionMask = 2147483647;
			files = (
				DE26220720E9681C002F57C7 /* ArtKit_tvOS.framework in Frameworks */,
			);
			runOnlyForDeploymentPostprocessing = 0;
		};
		DE0B7FA020E3E337000B482F /* Frameworks */ = {
			isa = PBXFrameworksBuildPhase;
			buildActionMask = 2147483647;
			files = (
				DE26220620E967EA002F57C7 /* ArtKit_iOS.framework in Frameworks */,
			);
			runOnlyForDeploymentPostprocessing = 0;
		};
		DE293F882048F30300444EB8 /* Frameworks */ = {
			isa = PBXFrameworksBuildPhase;
			buildActionMask = 2147483647;
			files = (
				DE0B7FAA20E3E337000B482F /* GalleryCore_iOS.framework in Frameworks */,
				892F534921067D1300AC8C45 /* ArtKit_iOS.framework in Frameworks */,
				8958AE87210672E20067286F /* Pods_Gallery.framework in Frameworks */,
			);
			runOnlyForDeploymentPostprocessing = 0;
		};
		DE293FA320490E1100444EB8 /* Frameworks */ = {
			isa = PBXFrameworksBuildPhase;
			buildActionMask = 2147483647;
			files = (
				FB6DD2CF7BBC7F406CE08C94 /* Pods_ArtKit.framework in Frameworks */,
			);
			runOnlyForDeploymentPostprocessing = 0;
		};
		DEDB686F20E946D900D102EB /* Frameworks */ = {
			isa = PBXFrameworksBuildPhase;
			buildActionMask = 2147483647;
			files = (
			);
			runOnlyForDeploymentPostprocessing = 0;
		};
/* End PBXFrameworksBuildPhase section */

/* Begin PBXGroup section */
		454237023F322D583FA3D42C /* Frameworks */ = {
			isa = PBXGroup;
			children = (
				B3691700D8ECDC253DFFC376 /* Pods_ArtKit.framework */,
				9E6F4FE3F89081107CDE4D33 /* Pods_Gallery.framework */,
			);
			name = Frameworks;
			sourceTree = "<group>";
		};
		5516CC5723D6F68448980550 /* Pods */ = {
			isa = PBXGroup;
			children = (
				4C451B63F493F4CB4D48046A /* Pods-ArtKit.debug.xcconfig */,
				4F5BF21D204A31502C67DF16 /* Pods-ArtKit.release.xcconfig */,
				C8F56E034DED53BF3FE96DF6 /* Pods-Gallery.debug.xcconfig */,
				C85DD3F3A1656418B116D049 /* Pods-Gallery.release.xcconfig */,
			);
			name = Pods;
			sourceTree = "<group>";
		};
		89134E1420E80C1300772E7F /* Gallery tvOS */ = {
			isa = PBXGroup;
			children = (
				89134E1520E80C1300772E7F /* AppDelegate.swift */,
				89134E1720E80C1300772E7F /* TabBarController.swift */,
				891549CE2112652E0041FE8A /* AllArtPiecesViewController.swift */,
				891549F621150D4C0041FE8A /* AllArtPiecesViewController+ArtPieceViewControllerDelegate.swift */,
				891549E02113ADF20041FE8A /* Art Piece Controllers */,
				891549E12113AE0E0041FE8A /* Collection View Cells */,
				891549DF2113ADCD0041FE8A /* Views */,
				89134E1C20E80C1500772E7F /* Assets.xcassets */,
				89134E1E20E80C1500772E7F /* Info.plist */,
			);
			path = "Gallery tvOS";
			sourceTree = "<group>";
		};
		891549DF2113ADCD0041FE8A /* Views */ = {
			isa = PBXGroup;
			children = (
				89DEC6B8210B9C10009858CC /* FocusingView.swift */,
				8913D3442118C4FB00FBC9C5 /* DescriptionTextView.swift */,
				89DEC6BB210BA1AB009858CC /* FocusingLabel.swift */,
				89278ECB210F8AEC00CEEB3C /* DescriptionLabels.swift */,
				891549DA21129FB40041FE8A /* BackgroundVisualEffectView.swift */,
			);
			path = Views;
			sourceTree = "<group>";
		};
		891549E02113ADF20041FE8A /* Art Piece Controllers */ = {
			isa = PBXGroup;
			children = (
				891549FB211513CF0041FE8A /* ArtPieceDetailViewController.swift */,
				8913D3412118B3BE00FBC9C5 /* ArtPieceDescriptionViewController.swift */,
				89278ED5211115F900CEEB3C /* FeaturedArtPieceViewController.swift */,
				89DEC69421091C25009858CC /* FeaturedArtPieceViewController+UICollectionViewDelegate.swift */,
				891549F021150AF80041FE8A /* FeaturedArtPieceViewController+CollectionViewCellDelegate.swift */,
				891549D4211276820041FE8A /* NotFeaturedArtPieceViewController.swift */,
				891549D6211283250041FE8A /* NotFeaturedArtPieceViewController+UICollectionViewDelegate.swift */,
				891549F821150DD40041FE8A /* NotFeaturedArtPieceViewController+CollectionViewCellDelegate.swift */,
				891549F421150BE00041FE8A /* ArtPieceViewControllerDelegate.swift */,
			);
			path = "Art Piece Controllers";
			sourceTree = "<group>";
		};
		891549E12113AE0E0041FE8A /* Collection View Cells */ = {
			isa = PBXGroup;
			children = (
				891549F221150BA30041FE8A /* CollectionViewCellDelegate.swift */,
				89DEC6B5210933DB009858CC /* FeaturedArtPieceCollectionViewCell.swift */,
				891549E22113B1720041FE8A /* FeaturedArtPieceCollectionViewCell+FocusingViewDelegate.swift */,
				891549D821128F340041FE8A /* NotFeaturedArtPieceCollectionViewCell.swift */,
				891549E62113B1E70041FE8A /* NotFeaturedArtPieceCollectionViewCell+FocusingViewDelegate.swift */,
			);
			path = "Collection View Cells";
			sourceTree = "<group>";
		};
		89485BCE20F2A07000046753 /* A736D Art Piece */ = {
			isa = PBXGroup;
			children = (
				89485BCC20F29EF500046753 /* A736DView.swift */,
				DE332B77205B84CE00C40727 /* A736DScene.swift */,
				DE165CD2205B891F00E28C37 /* A736DActions.sks */,
			);
			path = "A736D Art Piece";
			sourceTree = "<group>";
		};
		894C691420EFC565003A5387 /* Art Pieces */ = {
			isa = PBXGroup;
			children = (
				89C3866920F49451004BF43F /* A857C Art Piece */,
				89485BCE20F2A07000046753 /* A736D Art Piece */,
				894C691720EFC7CF003A5387 /* A586q Art Piece */,
				DEA066D820C47FD700489BF8 /* A565zView.swift */,
				894C691220EFC224003A5387 /* A994tView.swift */,
			);
			path = "Art Pieces";
			sourceTree = "<group>";
		};
		894C691720EFC7CF003A5387 /* A586q Art Piece */ = {
			isa = PBXGroup;
			children = (
				894C691520EFC5A0003A5387 /* A586qView.swift */,
				894C691E20F13FAE003A5387 /* A586qScene.swift */,
				DEEB709D20684F4200F4ACAD /* A586qActions.sks */,
			);
			path = "A586q Art Piece";
			sourceTree = "<group>";
		};
		8970BCAA20E95D160006870D /* GalleryCore tvOS */ = {
			isa = PBXGroup;
			children = (
				8970BCAB20E95D160006870D /* GalleryCore_tvOS.h */,
				8970BCAC20E95D160006870D /* Info.plist */,
			);
			path = "GalleryCore tvOS";
			sourceTree = "<group>";
		};
		89BB28252097808B004B33F0 /* Transitions */ = {
			isa = PBXGroup;
			children = (
				89BB28222097097B004B33F0 /* ArtPieceDetailPresentationController.swift */,
				890B43AF208E47F30001BAB7 /* ArtPieceDetailDismissAnimationController.swift */,
				89BB282B20978242004B33F0 /* ArtPieceDetailPresentAnimationController.swift */,
			);
			path = Transitions;
			sourceTree = "<group>";
		};
		89C3866920F49451004BF43F /* A857C Art Piece */ = {
			isa = PBXGroup;
			children = (
				89C3866520F491F6004BF43F /* A857CView.swift */,
				89E96473205E87F1009B5420 /* A857CFragmentShader.fsh */,
			);
			path = "A857C Art Piece";
			sourceTree = "<group>";
		};
		DE0B7FA420E3E337000B482F /* GalleryCore iOS */ = {
			isa = PBXGroup;
			children = (
				8929F4F1204AD54C000E5179 /* IDGenerator.swift */,
				891CAA6C20EC0D3C00B69074 /* CustomOperators.swift */,
				894C691420EFC565003A5387 /* Art Pieces */,
				DE39D70420B321960087788C /* ArtMetadata.swift */,
				DE72BB9F20B8645400576999 /* ArtView.swift */,
				DE2AEFB1204B1AB700C65CA4 /* MasterList.swift */,
				891549EB2114ADB10041FE8A /* ArtPieceThumbails.xcassets */,
				DE0B7FA520E3E337000B482F /* GalleryCore_iOS.h */,
				DE0B7FA620E3E337000B482F /* Info.plist */,
			);
			path = "GalleryCore iOS";
			sourceTree = "<group>";
		};
		DE293F822048F30300444EB8 = {
			isa = PBXGroup;
			children = (
				DE293F8D2048F30300444EB8 /* Gallery iOS */,
				89134E1420E80C1300772E7F /* Gallery tvOS */,
				DE293FA820490E1100444EB8 /* ArtKit iOS */,
				DEDB687420E946D900D102EB /* ArtKit tvOS */,
				DE0B7FA420E3E337000B482F /* GalleryCore iOS */,
				8970BCAA20E95D160006870D /* GalleryCore tvOS */,
				DE293F8C2048F30300444EB8 /* Products */,
				5516CC5723D6F68448980550 /* Pods */,
				454237023F322D583FA3D42C /* Frameworks */,
			);
			sourceTree = "<group>";
		};
		DE293F8C2048F30300444EB8 /* Products */ = {
			isa = PBXGroup;
			children = (
				DE293F8B2048F30300444EB8 /* Gallery iOS.app */,
				DE293FA720490E1100444EB8 /* ArtKit_iOS.framework */,
				DE0B7FA320E3E337000B482F /* GalleryCore_iOS.framework */,
				89134E1320E80C1300772E7F /* Gallery TV.app */,
				DEDB687320E946D900D102EB /* ArtKit_tvOS.framework */,
				8970BCA920E95D160006870D /* GalleryCore_tvOS.framework */,
			);
			name = Products;
			sourceTree = "<group>";
		};
		DE293F8D2048F30300444EB8 /* Gallery iOS */ = {
			isa = PBXGroup;
			children = (
				DE2AEFAF204B0F6900C65CA4 /* ArtPieceDetailViewController.swift */,
				8959050C20754B8200300B62 /* InfoBarView.swift */,
				892673B8205591A8001819D1 /* ArtPieceTableViewCell.swift */,
				DE293F8E2048F30300444EB8 /* AppDelegate.swift */,
				DE293F902048F30300444EB8 /* MainViewController.swift */,
				DE293F952048F30300444EB8 /* Assets.xcassets */,
				DE293F972048F30300444EB8 /* LaunchScreen.storyboard */,
				DE293F9A2048F30300444EB8 /* Info.plist */,
				89DFA0DC20B74A0B00689663 /* GoogleService-Info.plist */,
				89BB28252097808B004B33F0 /* Transitions */,
				DE3BD6442055FBC200FD3298 /* Fonts */,
			);
			path = "Gallery iOS";
			sourceTree = "<group>";
		};
		DE293FA820490E1100444EB8 /* ArtKit iOS */ = {
			isa = PBXGroup;
			children = (
				89CBB570205C3DA10022FBE2 /* CustomOperators.swift */,
				DE332B7F205B857900C40727 /* ArrayExtensions.swift */,
				DE332B7D205B856800C40727 /* GlobalFunctions.swift */,
				DE332B79205B852600C40727 /* SKNode+Extensions.swift */,
				892F534D2107A5E600AC8C45 /* SKSpriteNode+Extension.swift */,
				DE332B75205B7F3E00C40727 /* UIView+Extensions.swift */,
				89278ED0210FB33200CEEB3C /* UILabel+Extension.swift */,
				891549CB21121CFC0041FE8A /* UICollectionView+Extension.swift */,
				DE332B73205B7E8500C40727 /* UITapGestureRecognizerWithClosure.swift */,
				DE293FA020490D7700444EB8 /* NSObject+Extensions.swift */,
				DE3BD6422055F2BA00FD3298 /* UIColor+Extensions.swift */,
				DE293FA920490E1100444EB8 /* ArtKit_iOS.h */,
				DE293FAA20490E1100444EB8 /* Info.plist */,
			);
			path = "ArtKit iOS";
			sourceTree = "<group>";
		};
		DE3BD6442055FBC200FD3298 /* Fonts */ = {
			isa = PBXGroup;
			children = (
				DE3BD64D2055FBD000FD3298 /* SFMono-Light.otf */,
			);
			path = Fonts;
			sourceTree = "<group>";
		};
		DEDB687420E946D900D102EB /* ArtKit tvOS */ = {
			isa = PBXGroup;
			children = (
				DEDB687520E946D900D102EB /* ArtKit_tvOS.h */,
				DEDB687620E946D900D102EB /* Info.plist */,
			);
			path = "ArtKit tvOS";
			sourceTree = "<group>";
		};
/* End PBXGroup section */

/* Begin PBXHeadersBuildPhase section */
		8970BCA620E95D160006870D /* Headers */ = {
			isa = PBXHeadersBuildPhase;
			buildActionMask = 2147483647;
			files = (
				8970BCAD20E95D160006870D /* GalleryCore_tvOS.h in Headers */,
			);
			runOnlyForDeploymentPostprocessing = 0;
		};
		DE0B7F9E20E3E337000B482F /* Headers */ = {
			isa = PBXHeadersBuildPhase;
			buildActionMask = 2147483647;
			files = (
				DE0B7FA720E3E337000B482F /* GalleryCore_iOS.h in Headers */,
			);
			runOnlyForDeploymentPostprocessing = 0;
		};
		DE293FA420490E1100444EB8 /* Headers */ = {
			isa = PBXHeadersBuildPhase;
			buildActionMask = 2147483647;
			files = (
				DE293FAB20490E1100444EB8 /* ArtKit_iOS.h in Headers */,
			);
			runOnlyForDeploymentPostprocessing = 0;
		};
		DEDB687020E946D900D102EB /* Headers */ = {
			isa = PBXHeadersBuildPhase;
			buildActionMask = 2147483647;
			files = (
				DEDB687720E946D900D102EB /* ArtKit_tvOS.h in Headers */,
			);
			runOnlyForDeploymentPostprocessing = 0;
		};
/* End PBXHeadersBuildPhase section */

/* Begin PBXNativeTarget section */
		89134E1220E80C1300772E7F /* Gallery TV */ = {
			isa = PBXNativeTarget;
			buildConfigurationList = 89134E2120E80C1500772E7F /* Build configuration list for PBXNativeTarget "Gallery TV" */;
			buildPhases = (
				89134E0F20E80C1300772E7F /* Sources */,
				89134E1020E80C1300772E7F /* Frameworks */,
				89134E1120E80C1300772E7F /* Resources */,
				8959454920E9609600DF123D /* Embed Frameworks */,
			);
			buildRules = (
			);
			dependencies = (
				8959454D20E9609900DF123D /* PBXTargetDependency */,
			);
			name = "Gallery TV";
			productName = GalleryTV;
			productReference = 89134E1320E80C1300772E7F /* Gallery TV.app */;
			productType = "com.apple.product-type.application";
		};
		8970BCA820E95D160006870D /* GalleryCore tvOS */ = {
			isa = PBXNativeTarget;
			buildConfigurationList = 8970BCB420E95D170006870D /* Build configuration list for PBXNativeTarget "GalleryCore tvOS" */;
			buildPhases = (
				8970BCA420E95D160006870D /* Sources */,
				8970BCA520E95D160006870D /* Frameworks */,
				8970BCA620E95D160006870D /* Headers */,
				8970BCA720E95D160006870D /* Resources */,
			);
			buildRules = (
			);
			dependencies = (
			);
			name = "GalleryCore tvOS";
			productName = "GalleryCore tvOS";
			productReference = 8970BCA920E95D160006870D /* GalleryCore_tvOS.framework */;
			productType = "com.apple.product-type.framework";
		};
		DE0B7FA220E3E337000B482F /* GalleryCore iOS */ = {
			isa = PBXNativeTarget;
			buildConfigurationList = DE0B7FAC20E3E337000B482F /* Build configuration list for PBXNativeTarget "GalleryCore iOS" */;
			buildPhases = (
				DE0B7F9E20E3E337000B482F /* Headers */,
				DE0B7F9F20E3E337000B482F /* Sources */,
				DE0B7FA020E3E337000B482F /* Frameworks */,
				DE0B7FA120E3E337000B482F /* Resources */,
			);
			buildRules = (
			);
			dependencies = (
			);
			name = "GalleryCore iOS";
			productName = GalleryCore;
			productReference = DE0B7FA320E3E337000B482F /* GalleryCore_iOS.framework */;
			productType = "com.apple.product-type.framework";
		};
		DE293F8A2048F30300444EB8 /* Gallery iOS */ = {
			isa = PBXNativeTarget;
			buildConfigurationList = DE293F9D2048F30300444EB8 /* Build configuration list for PBXNativeTarget "Gallery iOS" */;
			buildPhases = (
				08BC62FEEC1662D96A826A7C /* [CP] Check Pods Manifest.lock */,
				DE293F872048F30300444EB8 /* Sources */,
				DE293F882048F30300444EB8 /* Frameworks */,
				DE293F892048F30300444EB8 /* Resources */,
				DE293FB320490E1100444EB8 /* Embed Frameworks */,
				7DC3D81E60CF22A53E6E498E /* [CP] Embed Pods Frameworks */,
				D06EEF6D9DC6C5D9FC75D098 /* [CP] Copy Pods Resources */,
			);
			buildRules = (
			);
			dependencies = (
				DE0B7FA920E3E337000B482F /* PBXTargetDependency */,
				892F534C21067D1300AC8C45 /* PBXTargetDependency */,
			);
			name = "Gallery iOS";
			productName = GoGA;
			productReference = DE293F8B2048F30300444EB8 /* Gallery iOS.app */;
			productType = "com.apple.product-type.application";
		};
		DE293FA620490E1100444EB8 /* ArtKit iOS */ = {
			isa = PBXNativeTarget;
			buildConfigurationList = DE293FB020490E1100444EB8 /* Build configuration list for PBXNativeTarget "ArtKit iOS" */;
			buildPhases = (
				C004CF75FA76D77C84EA535F /* [CP] Check Pods Manifest.lock */,
				DE293FA220490E1100444EB8 /* Sources */,
				DE293FA320490E1100444EB8 /* Frameworks */,
				DE293FA420490E1100444EB8 /* Headers */,
				DE293FA520490E1100444EB8 /* Resources */,
				62C64D31D26BF1B2F474ED53 /* [CP] Copy Pods Resources */,
			);
			buildRules = (
			);
			dependencies = (
			);
			name = "ArtKit iOS";
			productName = ArtKit;
			productReference = DE293FA720490E1100444EB8 /* ArtKit_iOS.framework */;
			productType = "com.apple.product-type.framework";
		};
		DEDB687220E946D900D102EB /* ArtKit tvOS */ = {
			isa = PBXNativeTarget;
			buildConfigurationList = DEDB687E20E946D900D102EB /* Build configuration list for PBXNativeTarget "ArtKit tvOS" */;
			buildPhases = (
				DEDB686E20E946D900D102EB /* Sources */,
				DEDB686F20E946D900D102EB /* Frameworks */,
				DEDB687020E946D900D102EB /* Headers */,
				DEDB687120E946D900D102EB /* Resources */,
			);
			buildRules = (
			);
			dependencies = (
			);
			name = "ArtKit tvOS";
			productName = "ArtKit tvOS";
			productReference = DEDB687320E946D900D102EB /* ArtKit_tvOS.framework */;
			productType = "com.apple.product-type.framework";
		};
/* End PBXNativeTarget section */

/* Begin PBXProject section */
		DE293F832048F30300444EB8 /* Project object */ = {
			isa = PBXProject;
			attributes = {
				LastSwiftUpdateCheck = 0940;
				LastUpgradeCheck = 0930;
				ORGANIZATIONNAME = "Gallery of Generative Art";
				TargetAttributes = {
					89134E1220E80C1300772E7F = {
						CreatedOnToolsVersion = 9.4.1;
						ProvisioningStyle = Automatic;
					};
					8970BCA820E95D160006870D = {
						CreatedOnToolsVersion = 9.4.1;
						ProvisioningStyle = Automatic;
					};
					DE0B7FA220E3E337000B482F = {
						CreatedOnToolsVersion = 10.0;
						ProvisioningStyle = Automatic;
					};
					DE293F8A2048F30300444EB8 = {
						CreatedOnToolsVersion = 9.2;
						ProvisioningStyle = Automatic;
					};
					DE293FA620490E1100444EB8 = {
						CreatedOnToolsVersion = 9.2;
						ProvisioningStyle = Automatic;
					};
					DEDB687220E946D900D102EB = {
						CreatedOnToolsVersion = 9.4.1;
						ProvisioningStyle = Automatic;
					};
				};
			};
			buildConfigurationList = DE293F862048F30300444EB8 /* Build configuration list for PBXProject "Gallery" */;
			compatibilityVersion = "Xcode 8.0";
			developmentRegion = en;
			hasScannedForEncodings = 0;
			knownRegions = (
				en,
				Base,
			);
			mainGroup = DE293F822048F30300444EB8;
			productRefGroup = DE293F8C2048F30300444EB8 /* Products */;
			projectDirPath = "";
			projectRoot = "";
			targets = (
				DE293F8A2048F30300444EB8 /* Gallery iOS */,
				89134E1220E80C1300772E7F /* Gallery TV */,
				DE293FA620490E1100444EB8 /* ArtKit iOS */,
				DEDB687220E946D900D102EB /* ArtKit tvOS */,
				DE0B7FA220E3E337000B482F /* GalleryCore iOS */,
				8970BCA820E95D160006870D /* GalleryCore tvOS */,
			);
		};
/* End PBXProject section */

/* Begin PBXResourcesBuildPhase section */
		89134E1120E80C1300772E7F /* Resources */ = {
			isa = PBXResourcesBuildPhase;
			buildActionMask = 2147483647;
			files = (
				891549EE2114E8F40041FE8A /* ArtPieceThumbails.xcassets in Resources */,
				89134E1D20E80C1500772E7F /* Assets.xcassets in Resources */,
			);
			runOnlyForDeploymentPostprocessing = 0;
		};
		8970BCA720E95D160006870D /* Resources */ = {
			isa = PBXResourcesBuildPhase;
			buildActionMask = 2147483647;
			files = (
				891549ED2114ADB20041FE8A /* ArtPieceThumbails.xcassets in Resources */,
				89C3866D20F49845004BF43F /* A857CFragmentShader.fsh in Resources */,
				894C691C20F13899003A5387 /* A586qActions.sks in Resources */,
				89485BD120F2A08F00046753 /* A736DActions.sks in Resources */,
			);
			runOnlyForDeploymentPostprocessing = 0;
		};
		DE0B7FA120E3E337000B482F /* Resources */ = {
			isa = PBXResourcesBuildPhase;
			buildActionMask = 2147483647;
			files = (
				891549EC2114ADB20041FE8A /* ArtPieceThumbails.xcassets in Resources */,
				89C3866C20F49845004BF43F /* A857CFragmentShader.fsh in Resources */,
				894C691920F13889003A5387 /* A586qActions.sks in Resources */,
				89485BD020F2A08E00046753 /* A736DActions.sks in Resources */,
			);
			runOnlyForDeploymentPostprocessing = 0;
		};
		DE293F892048F30300444EB8 /* Resources */ = {
			isa = PBXResourcesBuildPhase;
			buildActionMask = 2147483647;
			files = (
				89DEC6932108DB19009858CC /* A857CFragmentShader.fsh in Resources */,
				DE293F992048F30300444EB8 /* LaunchScreen.storyboard in Resources */,
				891549EF2114E8F50041FE8A /* ArtPieceThumbails.xcassets in Resources */,
				DE293F962048F30300444EB8 /* Assets.xcassets in Resources */,
				89DFA0DD20B74A0B00689663 /* GoogleService-Info.plist in Resources */,
				DE3BD6592055FBD000FD3298 /* SFMono-Light.otf in Resources */,
			);
			runOnlyForDeploymentPostprocessing = 0;
		};
		DE293FA520490E1100444EB8 /* Resources */ = {
			isa = PBXResourcesBuildPhase;
			buildActionMask = 2147483647;
			files = (
			);
			runOnlyForDeploymentPostprocessing = 0;
		};
		DEDB687120E946D900D102EB /* Resources */ = {
			isa = PBXResourcesBuildPhase;
			buildActionMask = 2147483647;
			files = (
			);
			runOnlyForDeploymentPostprocessing = 0;
		};
/* End PBXResourcesBuildPhase section */

/* Begin PBXShellScriptBuildPhase section */
		08BC62FEEC1662D96A826A7C /* [CP] Check Pods Manifest.lock */ = {
			isa = PBXShellScriptBuildPhase;
			buildActionMask = 2147483647;
			files = (
			);
			inputPaths = (
				"${PODS_PODFILE_DIR_PATH}/Podfile.lock",
				"${PODS_ROOT}/Manifest.lock",
			);
			name = "[CP] Check Pods Manifest.lock";
			outputPaths = (
				"$(DERIVED_FILE_DIR)/Pods-Gallery-checkManifestLockResult.txt",
			);
			runOnlyForDeploymentPostprocessing = 0;
			shellPath = /bin/sh;
			shellScript = "diff \"${PODS_PODFILE_DIR_PATH}/Podfile.lock\" \"${PODS_ROOT}/Manifest.lock\" > /dev/null\nif [ $? != 0 ] ; then\n    # print error to STDERR\n    echo \"error: The sandbox is not in sync with the Podfile.lock. Run 'pod install' or update your CocoaPods installation.\" >&2\n    exit 1\nfi\n# This output is used by Xcode 'outputs' to avoid re-running this script phase.\necho \"SUCCESS\" > \"${SCRIPT_OUTPUT_FILE_0}\"\n";
			showEnvVarsInLog = 0;
		};
		62C64D31D26BF1B2F474ED53 /* [CP] Copy Pods Resources */ = {
			isa = PBXShellScriptBuildPhase;
			buildActionMask = 2147483647;
			files = (
			);
			inputPaths = (
			);
			name = "[CP] Copy Pods Resources";
			outputPaths = (
			);
			runOnlyForDeploymentPostprocessing = 0;
			shellPath = /bin/sh;
			shellScript = "\"${SRCROOT}/Pods/Target Support Files/Pods-ArtKit/Pods-ArtKit-resources.sh\"\n";
			showEnvVarsInLog = 0;
		};
		7DC3D81E60CF22A53E6E498E /* [CP] Embed Pods Frameworks */ = {
			isa = PBXShellScriptBuildPhase;
			buildActionMask = 2147483647;
			files = (
			);
			inputPaths = (
				"${SRCROOT}/Pods/Target Support Files/Pods-Gallery/Pods-Gallery-frameworks.sh",
				"${BUILT_PRODUCTS_DIR}/GTMSessionFetcher/GTMSessionFetcher.framework",
				"${BUILT_PRODUCTS_DIR}/GoogleToolboxForMac/GoogleToolboxForMac.framework",
				"${BUILT_PRODUCTS_DIR}/leveldb-library/leveldb.framework",
				"${BUILT_PRODUCTS_DIR}/nanopb/nanopb.framework",
			);
			name = "[CP] Embed Pods Frameworks";
			outputPaths = (
				"${TARGET_BUILD_DIR}/${FRAMEWORKS_FOLDER_PATH}/GTMSessionFetcher.framework",
				"${TARGET_BUILD_DIR}/${FRAMEWORKS_FOLDER_PATH}/GoogleToolboxForMac.framework",
				"${TARGET_BUILD_DIR}/${FRAMEWORKS_FOLDER_PATH}/leveldb.framework",
				"${TARGET_BUILD_DIR}/${FRAMEWORKS_FOLDER_PATH}/nanopb.framework",
			);
			runOnlyForDeploymentPostprocessing = 0;
			shellPath = /bin/sh;
			shellScript = "\"${SRCROOT}/Pods/Target Support Files/Pods-Gallery/Pods-Gallery-frameworks.sh\"\n";
			showEnvVarsInLog = 0;
		};
		C004CF75FA76D77C84EA535F /* [CP] Check Pods Manifest.lock */ = {
			isa = PBXShellScriptBuildPhase;
			buildActionMask = 2147483647;
			files = (
			);
			inputPaths = (
				"${PODS_PODFILE_DIR_PATH}/Podfile.lock",
				"${PODS_ROOT}/Manifest.lock",
			);
			name = "[CP] Check Pods Manifest.lock";
			outputPaths = (
				"$(DERIVED_FILE_DIR)/Pods-ArtKit-checkManifestLockResult.txt",
			);
			runOnlyForDeploymentPostprocessing = 0;
			shellPath = /bin/sh;
			shellScript = "diff \"${PODS_PODFILE_DIR_PATH}/Podfile.lock\" \"${PODS_ROOT}/Manifest.lock\" > /dev/null\nif [ $? != 0 ] ; then\n    # print error to STDERR\n    echo \"error: The sandbox is not in sync with the Podfile.lock. Run 'pod install' or update your CocoaPods installation.\" >&2\n    exit 1\nfi\n# This output is used by Xcode 'outputs' to avoid re-running this script phase.\necho \"SUCCESS\" > \"${SCRIPT_OUTPUT_FILE_0}\"\n";
			showEnvVarsInLog = 0;
		};
		D06EEF6D9DC6C5D9FC75D098 /* [CP] Copy Pods Resources */ = {
			isa = PBXShellScriptBuildPhase;
			buildActionMask = 2147483647;
			files = (
			);
			inputPaths = (
			);
			name = "[CP] Copy Pods Resources";
			outputPaths = (
			);
			runOnlyForDeploymentPostprocessing = 0;
			shellPath = /bin/sh;
			shellScript = "\"${SRCROOT}/Pods/Target Support Files/Pods-Gallery/Pods-Gallery-resources.sh\"\n";
			showEnvVarsInLog = 0;
		};
/* End PBXShellScriptBuildPhase section */

/* Begin PBXSourcesBuildPhase section */
		89134E0F20E80C1300772E7F /* Sources */ = {
			isa = PBXSourcesBuildPhase;
			buildActionMask = 2147483647;
			files = (
				89134E1820E80C1300772E7F /* TabBarController.swift in Sources */,
				89134E1620E80C1300772E7F /* AppDelegate.swift in Sources */,
				89278ECC210F8AEC00CEEB3C /* DescriptionLabels.swift in Sources */,
				891549E52113B1780041FE8A /* FeaturedArtPieceCollectionViewCell+FocusingViewDelegate.swift in Sources */,
				8913D3452118C4FB00FBC9C5 /* DescriptionTextView.swift in Sources */,
				891549F521150BE00041FE8A /* ArtPieceViewControllerDelegate.swift in Sources */,
				891549F721150D4C0041FE8A /* AllArtPiecesViewController+ArtPieceViewControllerDelegate.swift in Sources */,
				891549D3211267710041FE8A /* AllArtPiecesViewController.swift in Sources */,
				891549F921150DD40041FE8A /* NotFeaturedArtPieceViewController+CollectionViewCellDelegate.swift in Sources */,
				891549F121150AF80041FE8A /* FeaturedArtPieceViewController+CollectionViewCellDelegate.swift in Sources */,
				891549D2211267690041FE8A /* FeaturedArtPieceViewController.swift in Sources */,
				891549D5211276820041FE8A /* NotFeaturedArtPieceViewController.swift in Sources */,
				891549DB21129FB40041FE8A /* BackgroundVisualEffectView.swift in Sources */,
				89DEC6C0210BA210009858CC /* FocusingView.swift in Sources */,
				891549FC211513CF0041FE8A /* ArtPieceDetailViewController.swift in Sources */,
				8913D3432118B43A00FBC9C5 /* ArtPieceDescriptionViewController.swift in Sources */,
				891549F321150BA30041FE8A /* CollectionViewCellDelegate.swift in Sources */,
				89DEC6BF210BA20B009858CC /* FocusingLabel.swift in Sources */,
				891549D7211283250041FE8A /* NotFeaturedArtPieceViewController+UICollectionViewDelegate.swift in Sources */,
				89DEC6B6210933DB009858CC /* FeaturedArtPieceCollectionViewCell.swift in Sources */,
				89DEC69621091C2B009858CC /* FeaturedArtPieceViewController+UICollectionViewDelegate.swift in Sources */,
				891549D921128F340041FE8A /* NotFeaturedArtPieceCollectionViewCell.swift in Sources */,
				891549E72113B1E70041FE8A /* NotFeaturedArtPieceCollectionViewCell+FocusingViewDelegate.swift in Sources */,
			);
			runOnlyForDeploymentPostprocessing = 0;
		};
		8970BCA420E95D160006870D /* Sources */ = {
			isa = PBXSourcesBuildPhase;
			buildActionMask = 2147483647;
			files = (
				8970BCBA20E95F1A0006870D /* A565zView.swift in Sources */,
				89C3866B20F49840004BF43F /* A857CView.swift in Sources */,
				8970BCBD20E95F220006870D /* MasterList.swift in Sources */,
				894C691D20F1389C003A5387 /* A736DScene.swift in Sources */,
				8970BCB920E95F170006870D /* IDGenerator.swift in Sources */,
				894C692020F13FB0003A5387 /* A586qScene.swift in Sources */,
				8970BCBC20E95F200006870D /* ArtView.swift in Sources */,
				89485BCF20F2A08B00046753 /* A736DView.swift in Sources */,
				89C3866A20F49839004BF43F /* CustomOperators.swift in Sources */,
				894C691A20F13893003A5387 /* A994tView.swift in Sources */,
				8970BCBB20E95F1D0006870D /* ArtMetadata.swift in Sources */,
				894C691B20F13896003A5387 /* A586qView.swift in Sources */,
			);
			runOnlyForDeploymentPostprocessing = 0;
		};
		DE0B7F9F20E3E337000B482F /* Sources */ = {
			isa = PBXSourcesBuildPhase;
			buildActionMask = 2147483647;
			files = (
				DE0B7FB220E3E357000B482F /* A565zView.swift in Sources */,
				89C3866620F491F6004BF43F /* A857CView.swift in Sources */,
				DE0B7FB020E3E34F000B482F /* ArtView.swift in Sources */,
				894C691F20F13FAE003A5387 /* A586qScene.swift in Sources */,
				891CAA6D20EC0D3C00B69074 /* CustomOperators.swift in Sources */,
				894C691820F13883003A5387 /* A736DScene.swift in Sources */,
				894C691620EFC5A0003A5387 /* A586qView.swift in Sources */,
				894C691320EFC224003A5387 /* A994tView.swift in Sources */,
				DE0B7FB320E3E35B000B482F /* IDGenerator.swift in Sources */,
				89485BCD20F29EF500046753 /* A736DView.swift in Sources */,
				DE0B7FAF20E3E34C000B482F /* MasterList.swift in Sources */,
				DE0B7FB120E3E352000B482F /* ArtMetadata.swift in Sources */,
			);
			runOnlyForDeploymentPostprocessing = 0;
		};
		DE293F872048F30300444EB8 /* Sources */ = {
			isa = PBXSourcesBuildPhase;
			buildActionMask = 2147483647;
			files = (
				89BB282C20978242004B33F0 /* ArtPieceDetailPresentAnimationController.swift in Sources */,
				890B43B0208E47F30001BAB7 /* ArtPieceDetailDismissAnimationController.swift in Sources */,
				DE2AEFB0204B0F6900C65CA4 /* ArtPieceDetailViewController.swift in Sources */,
				8959050D20754B8200300B62 /* InfoBarView.swift in Sources */,
				DE293F912048F30300444EB8 /* MainViewController.swift in Sources */,
				DE293F8F2048F30300444EB8 /* AppDelegate.swift in Sources */,
				892673B9205591A8001819D1 /* ArtPieceTableViewCell.swift in Sources */,
				89BB28232097097B004B33F0 /* ArtPieceDetailPresentationController.swift in Sources */,
			);
			runOnlyForDeploymentPostprocessing = 0;
		};
		DE293FA220490E1100444EB8 /* Sources */ = {
			isa = PBXSourcesBuildPhase;
			buildActionMask = 2147483647;
			files = (
				DE332B74205B7E8500C40727 /* UITapGestureRecognizerWithClosure.swift in Sources */,
				891549CC21121CFC0041FE8A /* UICollectionView+Extension.swift in Sources */,
				DE293FB420490E2000444EB8 /* NSObject+Extensions.swift in Sources */,
				89278ED1210FB33200CEEB3C /* UILabel+Extension.swift in Sources */,
				89CBB571205C3DA10022FBE2 /* CustomOperators.swift in Sources */,
				DE332B7E205B856800C40727 /* GlobalFunctions.swift in Sources */,
				DE332B7A205B852600C40727 /* SKNode+Extensions.swift in Sources */,
				DE332B76205B7F3E00C40727 /* UIView+Extensions.swift in Sources */,
				DE3BD6432055F2BA00FD3298 /* UIColor+Extensions.swift in Sources */,
				DE332B80205B857900C40727 /* ArrayExtensions.swift in Sources */,
				892F534E2107A5E600AC8C45 /* SKSpriteNode+Extension.swift in Sources */,
			);
			runOnlyForDeploymentPostprocessing = 0;
		};
		DEDB686E20E946D900D102EB /* Sources */ = {
			isa = PBXSourcesBuildPhase;
			buildActionMask = 2147483647;
			files = (
				DEDB687F20E946EE00D102EB /* CustomOperators.swift in Sources */,
				891549CD21121CFC0041FE8A /* UICollectionView+Extension.swift in Sources */,
				DEDB688220E946EE00D102EB /* SKNode+Extensions.swift in Sources */,
				89278ED2210FB33200CEEB3C /* UILabel+Extension.swift in Sources */,
				DEDB688520E946EE00D102EB /* NSObject+Extensions.swift in Sources */,
				DEDB688620E946EE00D102EB /* UIColor+Extensions.swift in Sources */,
				DEDB688320E946EE00D102EB /* UIView+Extensions.swift in Sources */,
				DEDB688420E946EE00D102EB /* UITapGestureRecognizerWithClosure.swift in Sources */,
				DEDB688020E946EE00D102EB /* ArrayExtensions.swift in Sources */,
				DEDB688120E946EE00D102EB /* GlobalFunctions.swift in Sources */,
				89DEC6B7210A7B30009858CC /* SKSpriteNode+Extension.swift in Sources */,
			);
			runOnlyForDeploymentPostprocessing = 0;
		};
/* End PBXSourcesBuildPhase section */

/* Begin PBXTargetDependency section */
		892F534C21067D1300AC8C45 /* PBXTargetDependency */ = {
			isa = PBXTargetDependency;
			target = DE293FA620490E1100444EB8 /* ArtKit iOS */;
			targetProxy = 892F534B21067D1300AC8C45 /* PBXContainerItemProxy */;
		};
		8959454D20E9609900DF123D /* PBXTargetDependency */ = {
			isa = PBXTargetDependency;
			target = 8970BCA820E95D160006870D /* GalleryCore tvOS */;
			targetProxy = 8959454C20E9609900DF123D /* PBXContainerItemProxy */;
		};
		DE0B7FA920E3E337000B482F /* PBXTargetDependency */ = {
			isa = PBXTargetDependency;
			target = DE0B7FA220E3E337000B482F /* GalleryCore iOS */;
			targetProxy = DE0B7FA820E3E337000B482F /* PBXContainerItemProxy */;
		};
/* End PBXTargetDependency section */

/* Begin PBXVariantGroup section */
		DE293F972048F30300444EB8 /* LaunchScreen.storyboard */ = {
			isa = PBXVariantGroup;
			children = (
				DE293F982048F30300444EB8 /* Base */,
			);
			name = LaunchScreen.storyboard;
			sourceTree = "<group>";
		};
/* End PBXVariantGroup section */

/* Begin XCBuildConfiguration section */
		89134E1F20E80C1500772E7F /* Debug */ = {
			isa = XCBuildConfiguration;
			buildSettings = {
				ALWAYS_EMBED_SWIFT_STANDARD_LIBRARIES = YES;
				ASSETCATALOG_COMPILER_APPICON_NAME = "App Icon & Top Shelf Image";
				ASSETCATALOG_COMPILER_LAUNCHIMAGE_NAME = LaunchImage;
				CLANG_ENABLE_OBJC_WEAK = YES;
				CODE_SIGN_STYLE = Automatic;
				DEVELOPMENT_TEAM = PJ8U3CQ43A;
				INFOPLIST_FILE = "Gallery tvOS/Info.plist";
				LD_RUNPATH_SEARCH_PATHS = "$(inherited) @executable_path/Frameworks";
				PRODUCT_BUNDLE_IDENTIFIER = wvdk.Gallery.tvOS;
				PRODUCT_NAME = "$(TARGET_NAME)";
				SDKROOT = appletvos;
				SWIFT_VERSION = 4.0;
				TARGETED_DEVICE_FAMILY = 3;
				TVOS_DEPLOYMENT_TARGET = 11.4;
			};
			name = Debug;
		};
		89134E2020E80C1500772E7F /* Release */ = {
			isa = XCBuildConfiguration;
			buildSettings = {
				ALWAYS_EMBED_SWIFT_STANDARD_LIBRARIES = YES;
				ASSETCATALOG_COMPILER_APPICON_NAME = "App Icon & Top Shelf Image";
				ASSETCATALOG_COMPILER_LAUNCHIMAGE_NAME = LaunchImage;
				CLANG_ENABLE_OBJC_WEAK = YES;
				CODE_SIGN_STYLE = Automatic;
				DEVELOPMENT_TEAM = PJ8U3CQ43A;
				INFOPLIST_FILE = "Gallery tvOS/Info.plist";
				LD_RUNPATH_SEARCH_PATHS = "$(inherited) @executable_path/Frameworks";
				PRODUCT_BUNDLE_IDENTIFIER = wvdk.Gallery.tvOS;
				PRODUCT_NAME = "$(TARGET_NAME)";
				SDKROOT = appletvos;
				SWIFT_VERSION = 4.0;
				TARGETED_DEVICE_FAMILY = 3;
				TVOS_DEPLOYMENT_TARGET = 11.4;
			};
			name = Release;
		};
		8970BCB220E95D170006870D /* Debug */ = {
			isa = XCBuildConfiguration;
			buildSettings = {
				CLANG_ENABLE_OBJC_WEAK = YES;
				CODE_SIGN_IDENTITY = "";
				CODE_SIGN_STYLE = Automatic;
				CURRENT_PROJECT_VERSION = 1;
				DEFINES_MODULE = YES;
				DEVELOPMENT_TEAM = PJ8U3CQ43A;
				DYLIB_COMPATIBILITY_VERSION = 1;
				DYLIB_CURRENT_VERSION = 1;
				DYLIB_INSTALL_NAME_BASE = "@rpath";
				INFOPLIST_FILE = "GalleryCore tvOS/Info.plist";
				INSTALL_PATH = "$(LOCAL_LIBRARY_DIR)/Frameworks";
				IPHONEOS_DEPLOYMENT_TARGET = 11.4;
				LD_RUNPATH_SEARCH_PATHS = "$(inherited) @executable_path/Frameworks @loader_path/Frameworks";
				PRODUCT_BUNDLE_IDENTIFIER = wvdk.Gallery.GalleryCore.tvOS;
				PRODUCT_NAME = "$(TARGET_NAME:c99extidentifier)";
				SKIP_INSTALL = YES;
				SUPPORTED_PLATFORMS = "appletvsimulator appletvos";
				SWIFT_VERSION = 4.0;
				TARGETED_DEVICE_FAMILY = "1,2";
				VERSIONING_SYSTEM = "apple-generic";
				VERSION_INFO_PREFIX = "";
			};
			name = Debug;
		};
		8970BCB320E95D170006870D /* Release */ = {
			isa = XCBuildConfiguration;
			buildSettings = {
				CLANG_ENABLE_OBJC_WEAK = YES;
				CODE_SIGN_IDENTITY = "";
				CODE_SIGN_STYLE = Automatic;
				CURRENT_PROJECT_VERSION = 1;
				DEFINES_MODULE = YES;
				DEVELOPMENT_TEAM = PJ8U3CQ43A;
				DYLIB_COMPATIBILITY_VERSION = 1;
				DYLIB_CURRENT_VERSION = 1;
				DYLIB_INSTALL_NAME_BASE = "@rpath";
				INFOPLIST_FILE = "GalleryCore tvOS/Info.plist";
				INSTALL_PATH = "$(LOCAL_LIBRARY_DIR)/Frameworks";
				IPHONEOS_DEPLOYMENT_TARGET = 11.4;
				LD_RUNPATH_SEARCH_PATHS = "$(inherited) @executable_path/Frameworks @loader_path/Frameworks";
				PRODUCT_BUNDLE_IDENTIFIER = wvdk.Gallery.GalleryCore.tvOS;
				PRODUCT_NAME = "$(TARGET_NAME:c99extidentifier)";
				SKIP_INSTALL = YES;
				SUPPORTED_PLATFORMS = "appletvsimulator appletvos";
				SWIFT_VERSION = 4.0;
				TARGETED_DEVICE_FAMILY = "1,2";
				VERSIONING_SYSTEM = "apple-generic";
				VERSION_INFO_PREFIX = "";
			};
			name = Release;
		};
		DE0B7FAD20E3E337000B482F /* Debug */ = {
			isa = XCBuildConfiguration;
			buildSettings = {
				CLANG_ENABLE_OBJC_WEAK = YES;
				CODE_SIGN_IDENTITY = "";
				CODE_SIGN_STYLE = Automatic;
				CURRENT_PROJECT_VERSION = 1;
				DEFINES_MODULE = YES;
				DEVELOPMENT_TEAM = PJ8U3CQ43A;
				DYLIB_COMPATIBILITY_VERSION = 1;
				DYLIB_CURRENT_VERSION = 1;
				DYLIB_INSTALL_NAME_BASE = "@rpath";
				INFOPLIST_FILE = "GalleryCore iOS/Info.plist";
				INSTALL_PATH = "$(LOCAL_LIBRARY_DIR)/Frameworks";
				IPHONEOS_DEPLOYMENT_TARGET = 11.0;
				LD_RUNPATH_SEARCH_PATHS = "$(inherited) @executable_path/Frameworks @loader_path/Frameworks";
				MTL_ENABLE_DEBUG_INFO = INCLUDE_SOURCE;
				PRODUCT_BUNDLE_IDENTIFIER = wvdk.Gallery.GalleryCore.iOS;
				PRODUCT_NAME = "$(TARGET_NAME:c99extidentifier)";
				SKIP_INSTALL = YES;
				SWIFT_VERSION = 4.2;
				TARGETED_DEVICE_FAMILY = "1,2";
				VERSIONING_SYSTEM = "apple-generic";
				VERSION_INFO_PREFIX = "";
			};
			name = Debug;
		};
		DE0B7FAE20E3E337000B482F /* Release */ = {
			isa = XCBuildConfiguration;
			buildSettings = {
				CLANG_ENABLE_OBJC_WEAK = YES;
				CODE_SIGN_IDENTITY = "";
				CODE_SIGN_STYLE = Automatic;
				CURRENT_PROJECT_VERSION = 1;
				DEFINES_MODULE = YES;
				DEVELOPMENT_TEAM = PJ8U3CQ43A;
				DYLIB_COMPATIBILITY_VERSION = 1;
				DYLIB_CURRENT_VERSION = 1;
				DYLIB_INSTALL_NAME_BASE = "@rpath";
				INFOPLIST_FILE = "GalleryCore iOS/Info.plist";
				INSTALL_PATH = "$(LOCAL_LIBRARY_DIR)/Frameworks";
				IPHONEOS_DEPLOYMENT_TARGET = 11.0;
				LD_RUNPATH_SEARCH_PATHS = "$(inherited) @executable_path/Frameworks @loader_path/Frameworks";
				PRODUCT_BUNDLE_IDENTIFIER = wvdk.Gallery.GalleryCore.iOS;
				PRODUCT_NAME = "$(TARGET_NAME:c99extidentifier)";
				SKIP_INSTALL = YES;
				SWIFT_VERSION = 4.2;
				TARGETED_DEVICE_FAMILY = "1,2";
				VERSIONING_SYSTEM = "apple-generic";
				VERSION_INFO_PREFIX = "";
			};
			name = Release;
		};
		DE293F9B2048F30300444EB8 /* Debug */ = {
			isa = XCBuildConfiguration;
			buildSettings = {
				ALWAYS_EMBED_SWIFT_STANDARD_LIBRARIES = YES;
				ALWAYS_SEARCH_USER_PATHS = NO;
				CLANG_ANALYZER_NONNULL = YES;
				CLANG_ANALYZER_NUMBER_OBJECT_CONVERSION = YES_AGGRESSIVE;
				CLANG_CXX_LANGUAGE_STANDARD = "gnu++14";
				CLANG_CXX_LIBRARY = "libc++";
				CLANG_ENABLE_MODULES = YES;
				CLANG_ENABLE_OBJC_ARC = YES;
				CLANG_WARN_BLOCK_CAPTURE_AUTORELEASING = YES;
				CLANG_WARN_BOOL_CONVERSION = YES;
				CLANG_WARN_COMMA = YES;
				CLANG_WARN_CONSTANT_CONVERSION = YES;
				CLANG_WARN_DEPRECATED_OBJC_IMPLEMENTATIONS = YES;
				CLANG_WARN_DIRECT_OBJC_ISA_USAGE = YES_ERROR;
				CLANG_WARN_DOCUMENTATION_COMMENTS = YES;
				CLANG_WARN_EMPTY_BODY = YES;
				CLANG_WARN_ENUM_CONVERSION = YES;
				CLANG_WARN_INFINITE_RECURSION = YES;
				CLANG_WARN_INT_CONVERSION = YES;
				CLANG_WARN_NON_LITERAL_NULL_CONVERSION = YES;
				CLANG_WARN_OBJC_IMPLICIT_RETAIN_SELF = YES;
				CLANG_WARN_OBJC_LITERAL_CONVERSION = YES;
				CLANG_WARN_OBJC_ROOT_CLASS = YES_ERROR;
				CLANG_WARN_RANGE_LOOP_ANALYSIS = YES;
				CLANG_WARN_STRICT_PROTOTYPES = YES;
				CLANG_WARN_SUSPICIOUS_MOVE = YES;
				CLANG_WARN_UNGUARDED_AVAILABILITY = YES_AGGRESSIVE;
				CLANG_WARN_UNREACHABLE_CODE = YES;
				CLANG_WARN__DUPLICATE_METHOD_MATCH = YES;
				CODE_SIGN_IDENTITY = "iPhone Developer";
				COPY_PHASE_STRIP = NO;
				DEBUG_INFORMATION_FORMAT = dwarf;
				ENABLE_STRICT_OBJC_MSGSEND = YES;
				ENABLE_TESTABILITY = YES;
				GCC_C_LANGUAGE_STANDARD = gnu11;
				GCC_DYNAMIC_NO_PIC = NO;
				GCC_NO_COMMON_BLOCKS = YES;
				GCC_OPTIMIZATION_LEVEL = 0;
				GCC_PREPROCESSOR_DEFINITIONS = (
					"DEBUG=1",
					"$(inherited)",
				);
				GCC_WARN_64_TO_32_BIT_CONVERSION = YES;
				GCC_WARN_ABOUT_RETURN_TYPE = YES_ERROR;
				GCC_WARN_UNDECLARED_SELECTOR = YES;
				GCC_WARN_UNINITIALIZED_AUTOS = YES_AGGRESSIVE;
				GCC_WARN_UNUSED_FUNCTION = YES;
				GCC_WARN_UNUSED_VARIABLE = YES;
				IPHONEOS_DEPLOYMENT_TARGET = 11.2;
				MTL_ENABLE_DEBUG_INFO = YES;
				ONLY_ACTIVE_ARCH = YES;
				SDKROOT = iphoneos;
				SWIFT_ACTIVE_COMPILATION_CONDITIONS = DEBUG;
				SWIFT_OPTIMIZATION_LEVEL = "-Onone";
			};
			name = Debug;
		};
		DE293F9C2048F30300444EB8 /* Release */ = {
			isa = XCBuildConfiguration;
			buildSettings = {
				ALWAYS_EMBED_SWIFT_STANDARD_LIBRARIES = YES;
				ALWAYS_SEARCH_USER_PATHS = NO;
				CLANG_ANALYZER_NONNULL = YES;
				CLANG_ANALYZER_NUMBER_OBJECT_CONVERSION = YES_AGGRESSIVE;
				CLANG_CXX_LANGUAGE_STANDARD = "gnu++14";
				CLANG_CXX_LIBRARY = "libc++";
				CLANG_ENABLE_MODULES = YES;
				CLANG_ENABLE_OBJC_ARC = YES;
				CLANG_WARN_BLOCK_CAPTURE_AUTORELEASING = YES;
				CLANG_WARN_BOOL_CONVERSION = YES;
				CLANG_WARN_COMMA = YES;
				CLANG_WARN_CONSTANT_CONVERSION = YES;
				CLANG_WARN_DEPRECATED_OBJC_IMPLEMENTATIONS = YES;
				CLANG_WARN_DIRECT_OBJC_ISA_USAGE = YES_ERROR;
				CLANG_WARN_DOCUMENTATION_COMMENTS = YES;
				CLANG_WARN_EMPTY_BODY = YES;
				CLANG_WARN_ENUM_CONVERSION = YES;
				CLANG_WARN_INFINITE_RECURSION = YES;
				CLANG_WARN_INT_CONVERSION = YES;
				CLANG_WARN_NON_LITERAL_NULL_CONVERSION = YES;
				CLANG_WARN_OBJC_IMPLICIT_RETAIN_SELF = YES;
				CLANG_WARN_OBJC_LITERAL_CONVERSION = YES;
				CLANG_WARN_OBJC_ROOT_CLASS = YES_ERROR;
				CLANG_WARN_RANGE_LOOP_ANALYSIS = YES;
				CLANG_WARN_STRICT_PROTOTYPES = YES;
				CLANG_WARN_SUSPICIOUS_MOVE = YES;
				CLANG_WARN_UNGUARDED_AVAILABILITY = YES_AGGRESSIVE;
				CLANG_WARN_UNREACHABLE_CODE = YES;
				CLANG_WARN__DUPLICATE_METHOD_MATCH = YES;
				CODE_SIGN_IDENTITY = "iPhone Developer";
				COPY_PHASE_STRIP = NO;
				DEBUG_INFORMATION_FORMAT = "dwarf-with-dsym";
				ENABLE_NS_ASSERTIONS = NO;
				ENABLE_STRICT_OBJC_MSGSEND = YES;
				GCC_C_LANGUAGE_STANDARD = gnu11;
				GCC_NO_COMMON_BLOCKS = YES;
				GCC_WARN_64_TO_32_BIT_CONVERSION = YES;
				GCC_WARN_ABOUT_RETURN_TYPE = YES_ERROR;
				GCC_WARN_UNDECLARED_SELECTOR = YES;
				GCC_WARN_UNINITIALIZED_AUTOS = YES_AGGRESSIVE;
				GCC_WARN_UNUSED_FUNCTION = YES;
				GCC_WARN_UNUSED_VARIABLE = YES;
				IPHONEOS_DEPLOYMENT_TARGET = 11.2;
				MTL_ENABLE_DEBUG_INFO = NO;
				SDKROOT = iphoneos;
				SWIFT_OPTIMIZATION_LEVEL = "-Owholemodule";
				VALIDATE_PRODUCT = YES;
			};
			name = Release;
		};
		DE293F9E2048F30300444EB8 /* Debug */ = {
			isa = XCBuildConfiguration;
			baseConfigurationReference = C8F56E034DED53BF3FE96DF6 /* Pods-Gallery.debug.xcconfig */;
			buildSettings = {
				ALWAYS_EMBED_SWIFT_STANDARD_LIBRARIES = YES;
				ASSETCATALOG_COMPILER_APPICON_NAME = AppIcon;
				CODE_SIGN_STYLE = Automatic;
				DEVELOPMENT_TEAM = PJ8U3CQ43A;
				INFOPLIST_FILE = "Gallery iOS/Info.plist";
				IPHONEOS_DEPLOYMENT_TARGET = 11.0;
				LD_RUNPATH_SEARCH_PATHS = "@executable_path/Frameworks";
				PRODUCT_BUNDLE_IDENTIFIER = wvdk.Gallery.iOS;
				PRODUCT_NAME = "$(TARGET_NAME)";
				SWIFT_VERSION = 4.0;
				TARGETED_DEVICE_FAMILY = "1,2";
			};
			name = Debug;
		};
		DE293F9F2048F30300444EB8 /* Release */ = {
			isa = XCBuildConfiguration;
			baseConfigurationReference = C85DD3F3A1656418B116D049 /* Pods-Gallery.release.xcconfig */;
			buildSettings = {
				ALWAYS_EMBED_SWIFT_STANDARD_LIBRARIES = YES;
				ASSETCATALOG_COMPILER_APPICON_NAME = AppIcon;
				CODE_SIGN_STYLE = Automatic;
				DEVELOPMENT_TEAM = PJ8U3CQ43A;
				INFOPLIST_FILE = "Gallery iOS/Info.plist";
				IPHONEOS_DEPLOYMENT_TARGET = 11.0;
				LD_RUNPATH_SEARCH_PATHS = "@executable_path/Frameworks";
				PRODUCT_BUNDLE_IDENTIFIER = wvdk.Gallery.iOS;
				PRODUCT_NAME = "$(TARGET_NAME)";
				SWIFT_VERSION = 4.0;
				TARGETED_DEVICE_FAMILY = "1,2";
			};
			name = Release;
		};
		DE293FB120490E1100444EB8 /* Debug */ = {
			isa = XCBuildConfiguration;
			baseConfigurationReference = 4C451B63F493F4CB4D48046A /* Pods-ArtKit.debug.xcconfig */;
			buildSettings = {
				CODE_SIGN_IDENTITY = "";
				CODE_SIGN_STYLE = Automatic;
				CURRENT_PROJECT_VERSION = 1;
				DEFINES_MODULE = YES;
				DEVELOPMENT_TEAM = PJ8U3CQ43A;
				DYLIB_COMPATIBILITY_VERSION = 1;
				DYLIB_CURRENT_VERSION = 1;
				DYLIB_INSTALL_NAME_BASE = "@rpath";
				INFOPLIST_FILE = "ArtKit iOS/Info.plist";
				INSTALL_PATH = "$(LOCAL_LIBRARY_DIR)/Frameworks";
				IPHONEOS_DEPLOYMENT_TARGET = 11.0;
				LD_RUNPATH_SEARCH_PATHS = "$(inherited) @executable_path/Frameworks @loader_path/Frameworks";
				PRODUCT_BUNDLE_IDENTIFIER = wvdk.Gallery.ArtKit.iOS;
				PRODUCT_NAME = "$(TARGET_NAME:c99extidentifier)";
				SKIP_INSTALL = YES;
				SWIFT_VERSION = 4.0;
				TARGETED_DEVICE_FAMILY = "1,2";
				VERSIONING_SYSTEM = "apple-generic";
				VERSION_INFO_PREFIX = "";
			};
			name = Debug;
		};
		DE293FB220490E1100444EB8 /* Release */ = {
			isa = XCBuildConfiguration;
			baseConfigurationReference = 4F5BF21D204A31502C67DF16 /* Pods-ArtKit.release.xcconfig */;
			buildSettings = {
				CODE_SIGN_IDENTITY = "";
				CODE_SIGN_STYLE = Automatic;
				CURRENT_PROJECT_VERSION = 1;
				DEFINES_MODULE = YES;
				DEVELOPMENT_TEAM = PJ8U3CQ43A;
				DYLIB_COMPATIBILITY_VERSION = 1;
				DYLIB_CURRENT_VERSION = 1;
				DYLIB_INSTALL_NAME_BASE = "@rpath";
				INFOPLIST_FILE = "ArtKit iOS/Info.plist";
				INSTALL_PATH = "$(LOCAL_LIBRARY_DIR)/Frameworks";
				IPHONEOS_DEPLOYMENT_TARGET = 11.0;
				LD_RUNPATH_SEARCH_PATHS = "$(inherited) @executable_path/Frameworks @loader_path/Frameworks";
				PRODUCT_BUNDLE_IDENTIFIER = wvdk.Gallery.ArtKit.iOS;
				PRODUCT_NAME = "$(TARGET_NAME:c99extidentifier)";
				SKIP_INSTALL = YES;
				SWIFT_VERSION = 4.0;
				TARGETED_DEVICE_FAMILY = "1,2";
				VERSIONING_SYSTEM = "apple-generic";
				VERSION_INFO_PREFIX = "";
			};
			name = Release;
		};
		DEDB687C20E946D900D102EB /* Debug */ = {
			isa = XCBuildConfiguration;
			buildSettings = {
				CLANG_ENABLE_OBJC_WEAK = YES;
				CODE_SIGN_IDENTITY = "";
				CODE_SIGN_STYLE = Automatic;
				CURRENT_PROJECT_VERSION = 1;
				DEFINES_MODULE = YES;
				DEVELOPMENT_TEAM = PJ8U3CQ43A;
				DYLIB_COMPATIBILITY_VERSION = 1;
				DYLIB_CURRENT_VERSION = 1;
				DYLIB_INSTALL_NAME_BASE = "@rpath";
				INFOPLIST_FILE = "ArtKit tvOS/Info.plist";
				INSTALL_PATH = "$(LOCAL_LIBRARY_DIR)/Frameworks";
				IPHONEOS_DEPLOYMENT_TARGET = 11.4;
				LD_RUNPATH_SEARCH_PATHS = "$(inherited) @executable_path/Frameworks @loader_path/Frameworks";
				PRODUCT_BUNDLE_IDENTIFIER = wvdk.Gallery.ArtKit.tvOS;
				PRODUCT_NAME = "$(TARGET_NAME:c99extidentifier)";
				SKIP_INSTALL = YES;
				SUPPORTED_PLATFORMS = "appletvsimulator appletvos";
				SWIFT_VERSION = 4.0;
				TARGETED_DEVICE_FAMILY = "1,2";
				VERSIONING_SYSTEM = "apple-generic";
				VERSION_INFO_PREFIX = "";
			};
			name = Debug;
		};
		DEDB687D20E946D900D102EB /* Release */ = {
			isa = XCBuildConfiguration;
			buildSettings = {
				CLANG_ENABLE_OBJC_WEAK = YES;
				CODE_SIGN_IDENTITY = "";
				CODE_SIGN_STYLE = Automatic;
				CURRENT_PROJECT_VERSION = 1;
				DEFINES_MODULE = YES;
				DEVELOPMENT_TEAM = PJ8U3CQ43A;
				DYLIB_COMPATIBILITY_VERSION = 1;
				DYLIB_CURRENT_VERSION = 1;
				DYLIB_INSTALL_NAME_BASE = "@rpath";
				INFOPLIST_FILE = "ArtKit tvOS/Info.plist";
				INSTALL_PATH = "$(LOCAL_LIBRARY_DIR)/Frameworks";
				IPHONEOS_DEPLOYMENT_TARGET = 11.4;
				LD_RUNPATH_SEARCH_PATHS = "$(inherited) @executable_path/Frameworks @loader_path/Frameworks";
				PRODUCT_BUNDLE_IDENTIFIER = wvdk.Gallery.ArtKit.tvOS;
				PRODUCT_NAME = "$(TARGET_NAME:c99extidentifier)";
				SKIP_INSTALL = YES;
				SUPPORTED_PLATFORMS = "appletvsimulator appletvos";
				SWIFT_VERSION = 4.0;
				TARGETED_DEVICE_FAMILY = "1,2";
				VERSIONING_SYSTEM = "apple-generic";
				VERSION_INFO_PREFIX = "";
			};
			name = Release;
		};
/* End XCBuildConfiguration section */

/* Begin XCConfigurationList section */
		89134E2120E80C1500772E7F /* Build configuration list for PBXNativeTarget "Gallery TV" */ = {
			isa = XCConfigurationList;
			buildConfigurations = (
				89134E1F20E80C1500772E7F /* Debug */,
				89134E2020E80C1500772E7F /* Release */,
			);
			defaultConfigurationIsVisible = 0;
			defaultConfigurationName = Release;
		};
		8970BCB420E95D170006870D /* Build configuration list for PBXNativeTarget "GalleryCore tvOS" */ = {
			isa = XCConfigurationList;
			buildConfigurations = (
				8970BCB220E95D170006870D /* Debug */,
				8970BCB320E95D170006870D /* Release */,
			);
			defaultConfigurationIsVisible = 0;
			defaultConfigurationName = Release;
		};
		DE0B7FAC20E3E337000B482F /* Build configuration list for PBXNativeTarget "GalleryCore iOS" */ = {
			isa = XCConfigurationList;
			buildConfigurations = (
				DE0B7FAD20E3E337000B482F /* Debug */,
				DE0B7FAE20E3E337000B482F /* Release */,
			);
			defaultConfigurationIsVisible = 0;
			defaultConfigurationName = Release;
		};
		DE293F862048F30300444EB8 /* Build configuration list for PBXProject "Gallery" */ = {
			isa = XCConfigurationList;
			buildConfigurations = (
				DE293F9B2048F30300444EB8 /* Debug */,
				DE293F9C2048F30300444EB8 /* Release */,
			);
			defaultConfigurationIsVisible = 0;
			defaultConfigurationName = Release;
		};
		DE293F9D2048F30300444EB8 /* Build configuration list for PBXNativeTarget "Gallery iOS" */ = {
			isa = XCConfigurationList;
			buildConfigurations = (
				DE293F9E2048F30300444EB8 /* Debug */,
				DE293F9F2048F30300444EB8 /* Release */,
			);
			defaultConfigurationIsVisible = 0;
			defaultConfigurationName = Release;
		};
		DE293FB020490E1100444EB8 /* Build configuration list for PBXNativeTarget "ArtKit iOS" */ = {
			isa = XCConfigurationList;
			buildConfigurations = (
				DE293FB120490E1100444EB8 /* Debug */,
				DE293FB220490E1100444EB8 /* Release */,
			);
			defaultConfigurationIsVisible = 0;
			defaultConfigurationName = Release;
		};
		DEDB687E20E946D900D102EB /* Build configuration list for PBXNativeTarget "ArtKit tvOS" */ = {
			isa = XCConfigurationList;
			buildConfigurations = (
				DEDB687C20E946D900D102EB /* Debug */,
				DEDB687D20E946D900D102EB /* Release */,
			);
			defaultConfigurationIsVisible = 0;
			defaultConfigurationName = Release;
		};
/* End XCConfigurationList section */
	};
	rootObject = DE293F832048F30300444EB8 /* Project object */;
}
